// !$*UTF8*$!
{
	archiveVersion = 1;
	classes = {
	};
	objectVersion = 50;
	objects = {

/* Begin PBXBuildFile section */
		2532A52B1FF8DCCF5CAC895F /* libPods-LogStu watchOS.a in Frameworks */ = {isa = PBXBuildFile; fileRef = 3889856C4BACFDBC7AFBCED1 /* libPods-LogStu watchOS.a */; };
		6243EE67A88B6BBC15B4D583 /* libPods-LogStu macOS.a in Frameworks */ = {isa = PBXBuildFile; fileRef = 247C352A275D053D77A24F28 /* libPods-LogStu macOS.a */; };
		82D63865AD833161F3270E9B /* libPods-LogStu iOSTests.a in Frameworks */ = {isa = PBXBuildFile; fileRef = 9ABC94B9407FBE44BB37C234 /* libPods-LogStu iOSTests.a */; };
		8398E7A0579D459AF5323CDA /* libPods-LogStu tvOS.a in Frameworks */ = {isa = PBXBuildFile; fileRef = A9856B88D00792382ABF4E9A /* libPods-LogStu tvOS.a */; };
		ACAC8A63DF597A150FFE3B05 /* libPods-LogStu iOS.a in Frameworks */ = {isa = PBXBuildFile; fileRef = F7AF87A71D68A7420A6C3D1F /* libPods-LogStu iOS.a */; };
		BBF5540356BB3B9F6919BC81 /* libPods-LogStu macOSTests.a in Frameworks */ = {isa = PBXBuildFile; fileRef = 5054B69828D544CB1AD3709A /* libPods-LogStu macOSTests.a */; };
		C5D8BCD5227F58E600BFEE80 /* LogStu_iOS.framework in Frameworks */ = {isa = PBXBuildFile; fileRef = C5D8BCCC227F58E600BFEE80 /* LogStu_iOS.framework */; };
		C5D8BCDA227F58E600BFEE80 /* LogStu_iOSTests.swift in Sources */ = {isa = PBXBuildFile; fileRef = C5D8BCD9227F58E600BFEE80 /* LogStu_iOSTests.swift */; };
		C5D8BCDC227F58E600BFEE80 /* LogStu_iOS.h in Headers */ = {isa = PBXBuildFile; fileRef = C5D8BCCE227F58E600BFEE80 /* LogStu_iOS.h */; settings = {ATTRIBUTES = (Public, ); }; };
		C5D8BCF9227F592B00BFEE80 /* LogStu_watchOS.h in Headers */ = {isa = PBXBuildFile; fileRef = C5D8BCF7227F592B00BFEE80 /* LogStu_watchOS.h */; settings = {ATTRIBUTES = (Public, ); }; };
		C5D8BD0B227F594000BFEE80 /* LogStu_tvOS.framework in Frameworks */ = {isa = PBXBuildFile; fileRef = C5D8BD02227F594000BFEE80 /* LogStu_tvOS.framework */; };
		C5D8BD10227F594000BFEE80 /* LogStu_tvOSTests.swift in Sources */ = {isa = PBXBuildFile; fileRef = C5D8BD0F227F594000BFEE80 /* LogStu_tvOSTests.swift */; };
		C5D8BD12227F594000BFEE80 /* LogStu_tvOS.h in Headers */ = {isa = PBXBuildFile; fileRef = C5D8BD04227F594000BFEE80 /* LogStu_tvOS.h */; settings = {ATTRIBUTES = (Public, ); }; };
		C5D8BD27227F596300BFEE80 /* LogStu_macOS.framework in Frameworks */ = {isa = PBXBuildFile; fileRef = C5D8BD1E227F596200BFEE80 /* LogStu_macOS.framework */; };
		C5D8BD2C227F596300BFEE80 /* LogStu_macOSTests.swift in Sources */ = {isa = PBXBuildFile; fileRef = C5D8BD2B227F596300BFEE80 /* LogStu_macOSTests.swift */; };
		C5D8BD2E227F596300BFEE80 /* LogStu_macOS.h in Headers */ = {isa = PBXBuildFile; fileRef = C5D8BD20227F596300BFEE80 /* LogStu_macOS.h */; settings = {ATTRIBUTES = (Public, ); }; };
		EC30C824D32BA8B2693E208A /* libPods-LogStu tvOSTests.a in Frameworks */ = {isa = PBXBuildFile; fileRef = 4F01341A2C83DD044A28BA1D /* libPods-LogStu tvOSTests.a */; };
/* End PBXBuildFile section */

/* Begin PBXContainerItemProxy section */
		C5D8BCD6227F58E600BFEE80 /* PBXContainerItemProxy */ = {
			isa = PBXContainerItemProxy;
			containerPortal = C5D8BCA4227F579800BFEE80 /* Project object */;
			proxyType = 1;
			remoteGlobalIDString = C5D8BCCB227F58E600BFEE80;
			remoteInfo = "LogStu iOS";
		};
		C5D8BD0C227F594000BFEE80 /* PBXContainerItemProxy */ = {
			isa = PBXContainerItemProxy;
			containerPortal = C5D8BCA4227F579800BFEE80 /* Project object */;
			proxyType = 1;
			remoteGlobalIDString = C5D8BD01227F594000BFEE80;
			remoteInfo = "LogStu tvOS";
		};
		C5D8BD28227F596300BFEE80 /* PBXContainerItemProxy */ = {
			isa = PBXContainerItemProxy;
			containerPortal = C5D8BCA4227F579800BFEE80 /* Project object */;
			proxyType = 1;
			remoteGlobalIDString = C5D8BD1D227F596200BFEE80;
			remoteInfo = "LogStu macOS";
		};
/* End PBXContainerItemProxy section */

/* Begin PBXFileReference section */
		07C0D0446506615B89E5AABD /* Pods-LogStu iOS.release.xcconfig */ = {isa = PBXFileReference; includeInIndex = 1; lastKnownFileType = text.xcconfig; name = "Pods-LogStu iOS.release.xcconfig"; path = "Target Support Files/Pods-LogStu iOS/Pods-LogStu iOS.release.xcconfig"; sourceTree = "<group>"; };
		121F641A5E5205859F7BF56C /* Pods-LogStu tvOSTests.release.xcconfig */ = {isa = PBXFileReference; includeInIndex = 1; lastKnownFileType = text.xcconfig; name = "Pods-LogStu tvOSTests.release.xcconfig"; path = "Target Support Files/Pods-LogStu tvOSTests/Pods-LogStu tvOSTests.release.xcconfig"; sourceTree = "<group>"; };
		247C352A275D053D77A24F28 /* libPods-LogStu macOS.a */ = {isa = PBXFileReference; explicitFileType = archive.ar; includeInIndex = 0; path = "libPods-LogStu macOS.a"; sourceTree = BUILT_PRODUCTS_DIR; };
		3889856C4BACFDBC7AFBCED1 /* libPods-LogStu watchOS.a */ = {isa = PBXFileReference; explicitFileType = archive.ar; includeInIndex = 0; path = "libPods-LogStu watchOS.a"; sourceTree = BUILT_PRODUCTS_DIR; };
		4F01341A2C83DD044A28BA1D /* libPods-LogStu tvOSTests.a */ = {isa = PBXFileReference; explicitFileType = archive.ar; includeInIndex = 0; path = "libPods-LogStu tvOSTests.a"; sourceTree = BUILT_PRODUCTS_DIR; };
		5054B69828D544CB1AD3709A /* libPods-LogStu macOSTests.a */ = {isa = PBXFileReference; explicitFileType = archive.ar; includeInIndex = 0; path = "libPods-LogStu macOSTests.a"; sourceTree = BUILT_PRODUCTS_DIR; };
		516E7E487026BC2471D18B24 /* Pods-LogStu tvOSTests.debug.xcconfig */ = {isa = PBXFileReference; includeInIndex = 1; lastKnownFileType = text.xcconfig; name = "Pods-LogStu tvOSTests.debug.xcconfig"; path = "Target Support Files/Pods-LogStu tvOSTests/Pods-LogStu tvOSTests.debug.xcconfig"; sourceTree = "<group>"; };
		731BDD4095F814D67D2BA4F2 /* Pods-LogStu macOSTests.release.xcconfig */ = {isa = PBXFileReference; includeInIndex = 1; lastKnownFileType = text.xcconfig; name = "Pods-LogStu macOSTests.release.xcconfig"; path = "Target Support Files/Pods-LogStu macOSTests/Pods-LogStu macOSTests.release.xcconfig"; sourceTree = "<group>"; };
		778F24951D6CD9F8A393B333 /* Pods-LogStu iOSTests.debug.xcconfig */ = {isa = PBXFileReference; includeInIndex = 1; lastKnownFileType = text.xcconfig; name = "Pods-LogStu iOSTests.debug.xcconfig"; path = "Target Support Files/Pods-LogStu iOSTests/Pods-LogStu iOSTests.debug.xcconfig"; sourceTree = "<group>"; };
		83B8D401F36CF4278D118B8D /* Pods-LogStu macOSTests.debug.xcconfig */ = {isa = PBXFileReference; includeInIndex = 1; lastKnownFileType = text.xcconfig; name = "Pods-LogStu macOSTests.debug.xcconfig"; path = "Target Support Files/Pods-LogStu macOSTests/Pods-LogStu macOSTests.debug.xcconfig"; sourceTree = "<group>"; };
		86825A1E5F7B9D2E6A34E542 /* Pods-LogStu iOS.debug.xcconfig */ = {isa = PBXFileReference; includeInIndex = 1; lastKnownFileType = text.xcconfig; name = "Pods-LogStu iOS.debug.xcconfig"; path = "Target Support Files/Pods-LogStu iOS/Pods-LogStu iOS.debug.xcconfig"; sourceTree = "<group>"; };
		8AF39986EF12E10BD604A4D2 /* Pods-LogStu iOSTests.release.xcconfig */ = {isa = PBXFileReference; includeInIndex = 1; lastKnownFileType = text.xcconfig; name = "Pods-LogStu iOSTests.release.xcconfig"; path = "Target Support Files/Pods-LogStu iOSTests/Pods-LogStu iOSTests.release.xcconfig"; sourceTree = "<group>"; };
		8D8496238914DB996F1D27E1 /* Pods-LogStu tvOS.release.xcconfig */ = {isa = PBXFileReference; includeInIndex = 1; lastKnownFileType = text.xcconfig; name = "Pods-LogStu tvOS.release.xcconfig"; path = "Target Support Files/Pods-LogStu tvOS/Pods-LogStu tvOS.release.xcconfig"; sourceTree = "<group>"; };
		986CBA10AB4F7AEAE1FE52BE /* Pods-LogStu tvOS.debug.xcconfig */ = {isa = PBXFileReference; includeInIndex = 1; lastKnownFileType = text.xcconfig; name = "Pods-LogStu tvOS.debug.xcconfig"; path = "Target Support Files/Pods-LogStu tvOS/Pods-LogStu tvOS.debug.xcconfig"; sourceTree = "<group>"; };
		9ABC94B9407FBE44BB37C234 /* libPods-LogStu iOSTests.a */ = {isa = PBXFileReference; explicitFileType = archive.ar; includeInIndex = 0; path = "libPods-LogStu iOSTests.a"; sourceTree = BUILT_PRODUCTS_DIR; };
		A9856B88D00792382ABF4E9A /* libPods-LogStu tvOS.a */ = {isa = PBXFileReference; explicitFileType = archive.ar; includeInIndex = 0; path = "libPods-LogStu tvOS.a"; sourceTree = BUILT_PRODUCTS_DIR; };
		B47E5BEF42ECBA76B860AC5A /* Pods-LogStu watchOS.debug.xcconfig */ = {isa = PBXFileReference; includeInIndex = 1; lastKnownFileType = text.xcconfig; name = "Pods-LogStu watchOS.debug.xcconfig"; path = "Target Support Files/Pods-LogStu watchOS/Pods-LogStu watchOS.debug.xcconfig"; sourceTree = "<group>"; };
		C5D8BCB2227F58A300BFEE80 /* LogStu.h */ = {isa = PBXFileReference; lastKnownFileType = sourcecode.c.h; path = LogStu.h; sourceTree = "<group>"; };
		C5D8BCB3227F58A300BFEE80 /* Info.plist */ = {isa = PBXFileReference; lastKnownFileType = text.plist.xml; path = Info.plist; sourceTree = "<group>"; };
		C5D8BCBD227F58A400BFEE80 /* LogStuTests.swift */ = {isa = PBXFileReference; lastKnownFileType = sourcecode.swift; path = LogStuTests.swift; sourceTree = "<group>"; };
		C5D8BCBF227F58A400BFEE80 /* Info.plist */ = {isa = PBXFileReference; lastKnownFileType = text.plist.xml; path = Info.plist; sourceTree = "<group>"; };
		C5D8BCCC227F58E600BFEE80 /* LogStu_iOS.framework */ = {isa = PBXFileReference; explicitFileType = wrapper.framework; includeInIndex = 0; path = LogStu_iOS.framework; sourceTree = BUILT_PRODUCTS_DIR; };
		C5D8BCCE227F58E600BFEE80 /* LogStu_iOS.h */ = {isa = PBXFileReference; lastKnownFileType = sourcecode.c.h; path = LogStu_iOS.h; sourceTree = "<group>"; };
		C5D8BCCF227F58E600BFEE80 /* Info.plist */ = {isa = PBXFileReference; lastKnownFileType = text.plist.xml; path = Info.plist; sourceTree = "<group>"; };
		C5D8BCD4227F58E600BFEE80 /* LogStu iOSTests.xctest */ = {isa = PBXFileReference; explicitFileType = wrapper.cfbundle; includeInIndex = 0; path = "LogStu iOSTests.xctest"; sourceTree = BUILT_PRODUCTS_DIR; };
		C5D8BCD9227F58E600BFEE80 /* LogStu_iOSTests.swift */ = {isa = PBXFileReference; lastKnownFileType = sourcecode.swift; path = LogStu_iOSTests.swift; sourceTree = "<group>"; };
		C5D8BCDB227F58E600BFEE80 /* Info.plist */ = {isa = PBXFileReference; lastKnownFileType = text.plist.xml; path = Info.plist; sourceTree = "<group>"; };
		C5D8BCEA227F58FB00BFEE80 /* LogStu_watchOS.h */ = {isa = PBXFileReference; lastKnownFileType = sourcecode.c.h; path = LogStu_watchOS.h; sourceTree = "<group>"; };
		C5D8BCEB227F58FB00BFEE80 /* Info.plist */ = {isa = PBXFileReference; lastKnownFileType = text.plist.xml; path = Info.plist; sourceTree = "<group>"; };
		C5D8BCF5227F592B00BFEE80 /* LogStu_watchOS.framework */ = {isa = PBXFileReference; explicitFileType = wrapper.framework; includeInIndex = 0; path = LogStu_watchOS.framework; sourceTree = BUILT_PRODUCTS_DIR; };
		C5D8BCF7227F592B00BFEE80 /* LogStu_watchOS.h */ = {isa = PBXFileReference; lastKnownFileType = sourcecode.c.h; path = LogStu_watchOS.h; sourceTree = "<group>"; };
		C5D8BCF8227F592B00BFEE80 /* Info.plist */ = {isa = PBXFileReference; lastKnownFileType = text.plist.xml; path = Info.plist; sourceTree = "<group>"; };
		C5D8BD02227F594000BFEE80 /* LogStu_tvOS.framework */ = {isa = PBXFileReference; explicitFileType = wrapper.framework; includeInIndex = 0; path = LogStu_tvOS.framework; sourceTree = BUILT_PRODUCTS_DIR; };
		C5D8BD04227F594000BFEE80 /* LogStu_tvOS.h */ = {isa = PBXFileReference; lastKnownFileType = sourcecode.c.h; path = LogStu_tvOS.h; sourceTree = "<group>"; };
		C5D8BD05227F594000BFEE80 /* Info.plist */ = {isa = PBXFileReference; lastKnownFileType = text.plist.xml; path = Info.plist; sourceTree = "<group>"; };
		C5D8BD0A227F594000BFEE80 /* LogStu tvOSTests.xctest */ = {isa = PBXFileReference; explicitFileType = wrapper.cfbundle; includeInIndex = 0; path = "LogStu tvOSTests.xctest"; sourceTree = BUILT_PRODUCTS_DIR; };
		C5D8BD0F227F594000BFEE80 /* LogStu_tvOSTests.swift */ = {isa = PBXFileReference; lastKnownFileType = sourcecode.swift; path = LogStu_tvOSTests.swift; sourceTree = "<group>"; };
		C5D8BD11227F594000BFEE80 /* Info.plist */ = {isa = PBXFileReference; lastKnownFileType = text.plist.xml; path = Info.plist; sourceTree = "<group>"; };
		C5D8BD1E227F596200BFEE80 /* LogStu_macOS.framework */ = {isa = PBXFileReference; explicitFileType = wrapper.framework; includeInIndex = 0; path = LogStu_macOS.framework; sourceTree = BUILT_PRODUCTS_DIR; };
		C5D8BD20227F596300BFEE80 /* LogStu_macOS.h */ = {isa = PBXFileReference; lastKnownFileType = sourcecode.c.h; path = LogStu_macOS.h; sourceTree = "<group>"; };
		C5D8BD21227F596300BFEE80 /* Info.plist */ = {isa = PBXFileReference; lastKnownFileType = text.plist.xml; path = Info.plist; sourceTree = "<group>"; };
		C5D8BD26227F596300BFEE80 /* LogStu macOSTests.xctest */ = {isa = PBXFileReference; explicitFileType = wrapper.cfbundle; includeInIndex = 0; path = "LogStu macOSTests.xctest"; sourceTree = BUILT_PRODUCTS_DIR; };
		C5D8BD2B227F596300BFEE80 /* LogStu_macOSTests.swift */ = {isa = PBXFileReference; lastKnownFileType = sourcecode.swift; path = LogStu_macOSTests.swift; sourceTree = "<group>"; };
		C5D8BD2D227F596300BFEE80 /* Info.plist */ = {isa = PBXFileReference; lastKnownFileType = text.plist.xml; path = Info.plist; sourceTree = "<group>"; };
		C88C3DF1A387A08C6A604A57 /* Pods-LogStu watchOS.release.xcconfig */ = {isa = PBXFileReference; includeInIndex = 1; lastKnownFileType = text.xcconfig; name = "Pods-LogStu watchOS.release.xcconfig"; path = "Target Support Files/Pods-LogStu watchOS/Pods-LogStu watchOS.release.xcconfig"; sourceTree = "<group>"; };
		C9533960968D72C1FF9B959E /* Pods-LogStu macOS.release.xcconfig */ = {isa = PBXFileReference; includeInIndex = 1; lastKnownFileType = text.xcconfig; name = "Pods-LogStu macOS.release.xcconfig"; path = "Target Support Files/Pods-LogStu macOS/Pods-LogStu macOS.release.xcconfig"; sourceTree = "<group>"; };
		CF7C73C377EC9799816CE20F /* Pods-LogStu macOS.debug.xcconfig */ = {isa = PBXFileReference; includeInIndex = 1; lastKnownFileType = text.xcconfig; name = "Pods-LogStu macOS.debug.xcconfig"; path = "Target Support Files/Pods-LogStu macOS/Pods-LogStu macOS.debug.xcconfig"; sourceTree = "<group>"; };
		F7AF87A71D68A7420A6C3D1F /* libPods-LogStu iOS.a */ = {isa = PBXFileReference; explicitFileType = archive.ar; includeInIndex = 0; path = "libPods-LogStu iOS.a"; sourceTree = BUILT_PRODUCTS_DIR; };
/* End PBXFileReference section */

/* Begin PBXFrameworksBuildPhase section */
		C5D8BCC9227F58E600BFEE80 /* Frameworks */ = {
			isa = PBXFrameworksBuildPhase;
			buildActionMask = 2147483647;
			files = (
				ACAC8A63DF597A150FFE3B05 /* libPods-LogStu iOS.a in Frameworks */,
			);
			runOnlyForDeploymentPostprocessing = 0;
		};
		C5D8BCD1227F58E600BFEE80 /* Frameworks */ = {
			isa = PBXFrameworksBuildPhase;
			buildActionMask = 2147483647;
			files = (
				C5D8BCD5227F58E600BFEE80 /* LogStu_iOS.framework in Frameworks */,
				82D63865AD833161F3270E9B /* libPods-LogStu iOSTests.a in Frameworks */,
			);
			runOnlyForDeploymentPostprocessing = 0;
		};
		C5D8BCF2227F592B00BFEE80 /* Frameworks */ = {
			isa = PBXFrameworksBuildPhase;
			buildActionMask = 2147483647;
			files = (
				2532A52B1FF8DCCF5CAC895F /* libPods-LogStu watchOS.a in Frameworks */,
			);
			runOnlyForDeploymentPostprocessing = 0;
		};
		C5D8BCFF227F594000BFEE80 /* Frameworks */ = {
			isa = PBXFrameworksBuildPhase;
			buildActionMask = 2147483647;
			files = (
				8398E7A0579D459AF5323CDA /* libPods-LogStu tvOS.a in Frameworks */,
			);
			runOnlyForDeploymentPostprocessing = 0;
		};
		C5D8BD07227F594000BFEE80 /* Frameworks */ = {
			isa = PBXFrameworksBuildPhase;
			buildActionMask = 2147483647;
			files = (
				C5D8BD0B227F594000BFEE80 /* LogStu_tvOS.framework in Frameworks */,
				EC30C824D32BA8B2693E208A /* libPods-LogStu tvOSTests.a in Frameworks */,
			);
			runOnlyForDeploymentPostprocessing = 0;
		};
		C5D8BD1B227F596200BFEE80 /* Frameworks */ = {
			isa = PBXFrameworksBuildPhase;
			buildActionMask = 2147483647;
			files = (
				6243EE67A88B6BBC15B4D583 /* libPods-LogStu macOS.a in Frameworks */,
			);
			runOnlyForDeploymentPostprocessing = 0;
		};
		C5D8BD23227F596300BFEE80 /* Frameworks */ = {
			isa = PBXFrameworksBuildPhase;
			buildActionMask = 2147483647;
			files = (
				C5D8BD27227F596300BFEE80 /* LogStu_macOS.framework in Frameworks */,
				BBF5540356BB3B9F6919BC81 /* libPods-LogStu macOSTests.a in Frameworks */,
			);
			runOnlyForDeploymentPostprocessing = 0;
		};
/* End PBXFrameworksBuildPhase section */

/* Begin PBXGroup section */
		797F50D84467C39599B6B9E8 /* Frameworks */ = {
			isa = PBXGroup;
			children = (
				F7AF87A71D68A7420A6C3D1F /* libPods-LogStu iOS.a */,
				9ABC94B9407FBE44BB37C234 /* libPods-LogStu iOSTests.a */,
				247C352A275D053D77A24F28 /* libPods-LogStu macOS.a */,
				5054B69828D544CB1AD3709A /* libPods-LogStu macOSTests.a */,
				A9856B88D00792382ABF4E9A /* libPods-LogStu tvOS.a */,
				4F01341A2C83DD044A28BA1D /* libPods-LogStu tvOSTests.a */,
				3889856C4BACFDBC7AFBCED1 /* libPods-LogStu watchOS.a */,
			);
			name = Frameworks;
			sourceTree = "<group>";
		};
		C5D8BCA3227F579800BFEE80 = {
			isa = PBXGroup;
			children = (
				C5D8BCB1227F58A300BFEE80 /* LogStu */,
				C5D8BCBC227F58A400BFEE80 /* LogStuTests */,
				C5D8BCCD227F58E600BFEE80 /* LogStu iOS */,
				C5D8BCD8227F58E600BFEE80 /* LogStu iOSTests */,
				C5D8BCE9227F58FB00BFEE80 /* LogStu watchOS */,
				C5D8BCF6227F592B00BFEE80 /* LogStu watchOS */,
				C5D8BD03227F594000BFEE80 /* LogStu tvOS */,
				C5D8BD0E227F594000BFEE80 /* LogStu tvOSTests */,
				C5D8BD1F227F596300BFEE80 /* LogStu macOS */,
				C5D8BD2A227F596300BFEE80 /* LogStu macOSTests */,
				C5D8BCB0227F58A300BFEE80 /* Products */,
				E7DF1EBF219450AACEC851B8 /* Pods */,
				797F50D84467C39599B6B9E8 /* Frameworks */,
			);
			sourceTree = "<group>";
		};
		C5D8BCB0227F58A300BFEE80 /* Products */ = {
			isa = PBXGroup;
			children = (
				C5D8BCCC227F58E600BFEE80 /* LogStu_iOS.framework */,
				C5D8BCD4227F58E600BFEE80 /* LogStu iOSTests.xctest */,
				C5D8BCF5227F592B00BFEE80 /* LogStu_watchOS.framework */,
				C5D8BD02227F594000BFEE80 /* LogStu_tvOS.framework */,
				C5D8BD0A227F594000BFEE80 /* LogStu tvOSTests.xctest */,
				C5D8BD1E227F596200BFEE80 /* LogStu_macOS.framework */,
				C5D8BD26227F596300BFEE80 /* LogStu macOSTests.xctest */,
			);
			name = Products;
			sourceTree = "<group>";
		};
		C5D8BCB1227F58A300BFEE80 /* LogStu */ = {
			isa = PBXGroup;
			children = (
				C5D8BCB2227F58A300BFEE80 /* LogStu.h */,
				C5D8BCB3227F58A300BFEE80 /* Info.plist */,
			);
			path = LogStu;
			sourceTree = "<group>";
		};
		C5D8BCBC227F58A400BFEE80 /* LogStuTests */ = {
			isa = PBXGroup;
			children = (
				C5D8BCBD227F58A400BFEE80 /* LogStuTests.swift */,
				C5D8BCBF227F58A400BFEE80 /* Info.plist */,
			);
			path = LogStuTests;
			sourceTree = "<group>";
		};
		C5D8BCCD227F58E600BFEE80 /* LogStu iOS */ = {
			isa = PBXGroup;
			children = (
				C5D8BCCE227F58E600BFEE80 /* LogStu_iOS.h */,
				C5D8BCCF227F58E600BFEE80 /* Info.plist */,
			);
			path = "LogStu iOS";
			sourceTree = "<group>";
		};
		C5D8BCD8227F58E600BFEE80 /* LogStu iOSTests */ = {
			isa = PBXGroup;
			children = (
				C5D8BCD9227F58E600BFEE80 /* LogStu_iOSTests.swift */,
				C5D8BCDB227F58E600BFEE80 /* Info.plist */,
			);
			path = "LogStu iOSTests";
			sourceTree = "<group>";
		};
		C5D8BCE9227F58FB00BFEE80 /* LogStu watchOS */ = {
			isa = PBXGroup;
			children = (
				C5D8BCEA227F58FB00BFEE80 /* LogStu_watchOS.h */,
				C5D8BCEB227F58FB00BFEE80 /* Info.plist */,
			);
			path = "LogStu watchOS";
			sourceTree = "<group>";
		};
		C5D8BCF6227F592B00BFEE80 /* LogStu watchOS */ = {
			isa = PBXGroup;
			children = (
				C5D8BCF7227F592B00BFEE80 /* LogStu_watchOS.h */,
				C5D8BCF8227F592B00BFEE80 /* Info.plist */,
			);
			path = "LogStu watchOS";
			sourceTree = "<group>";
		};
		C5D8BD03227F594000BFEE80 /* LogStu tvOS */ = {
			isa = PBXGroup;
			children = (
				C5D8BD04227F594000BFEE80 /* LogStu_tvOS.h */,
				C5D8BD05227F594000BFEE80 /* Info.plist */,
			);
			path = "LogStu tvOS";
			sourceTree = "<group>";
		};
		C5D8BD0E227F594000BFEE80 /* LogStu tvOSTests */ = {
			isa = PBXGroup;
			children = (
				C5D8BD0F227F594000BFEE80 /* LogStu_tvOSTests.swift */,
				C5D8BD11227F594000BFEE80 /* Info.plist */,
			);
			path = "LogStu tvOSTests";
			sourceTree = "<group>";
		};
		C5D8BD1F227F596300BFEE80 /* LogStu macOS */ = {
			isa = PBXGroup;
			children = (
				C5D8BD20227F596300BFEE80 /* LogStu_macOS.h */,
				C5D8BD21227F596300BFEE80 /* Info.plist */,
			);
			path = "LogStu macOS";
			sourceTree = "<group>";
		};
		C5D8BD2A227F596300BFEE80 /* LogStu macOSTests */ = {
			isa = PBXGroup;
			children = (
				C5D8BD2B227F596300BFEE80 /* LogStu_macOSTests.swift */,
				C5D8BD2D227F596300BFEE80 /* Info.plist */,
			);
			path = "LogStu macOSTests";
			sourceTree = "<group>";
		};
		E7DF1EBF219450AACEC851B8 /* Pods */ = {
			isa = PBXGroup;
			children = (
				86825A1E5F7B9D2E6A34E542 /* Pods-LogStu iOS.debug.xcconfig */,
				07C0D0446506615B89E5AABD /* Pods-LogStu iOS.release.xcconfig */,
				778F24951D6CD9F8A393B333 /* Pods-LogStu iOSTests.debug.xcconfig */,
				8AF39986EF12E10BD604A4D2 /* Pods-LogStu iOSTests.release.xcconfig */,
				CF7C73C377EC9799816CE20F /* Pods-LogStu macOS.debug.xcconfig */,
				C9533960968D72C1FF9B959E /* Pods-LogStu macOS.release.xcconfig */,
				83B8D401F36CF4278D118B8D /* Pods-LogStu macOSTests.debug.xcconfig */,
				731BDD4095F814D67D2BA4F2 /* Pods-LogStu macOSTests.release.xcconfig */,
				986CBA10AB4F7AEAE1FE52BE /* Pods-LogStu tvOS.debug.xcconfig */,
				8D8496238914DB996F1D27E1 /* Pods-LogStu tvOS.release.xcconfig */,
				516E7E487026BC2471D18B24 /* Pods-LogStu tvOSTests.debug.xcconfig */,
				121F641A5E5205859F7BF56C /* Pods-LogStu tvOSTests.release.xcconfig */,
				B47E5BEF42ECBA76B860AC5A /* Pods-LogStu watchOS.debug.xcconfig */,
				C88C3DF1A387A08C6A604A57 /* Pods-LogStu watchOS.release.xcconfig */,
			);
			name = Pods;
			path = Pods;
			sourceTree = "<group>";
		};
/* End PBXGroup section */

/* Begin PBXHeadersBuildPhase section */
		C5D8BCC7227F58E600BFEE80 /* Headers */ = {
			isa = PBXHeadersBuildPhase;
			buildActionMask = 2147483647;
			files = (
				C5D8BCDC227F58E600BFEE80 /* LogStu_iOS.h in Headers */,
			);
			runOnlyForDeploymentPostprocessing = 0;
		};
		C5D8BCF0227F592B00BFEE80 /* Headers */ = {
			isa = PBXHeadersBuildPhase;
			buildActionMask = 2147483647;
			files = (
				C5D8BCF9227F592B00BFEE80 /* LogStu_watchOS.h in Headers */,
			);
			runOnlyForDeploymentPostprocessing = 0;
		};
		C5D8BCFD227F594000BFEE80 /* Headers */ = {
			isa = PBXHeadersBuildPhase;
			buildActionMask = 2147483647;
			files = (
				C5D8BD12227F594000BFEE80 /* LogStu_tvOS.h in Headers */,
			);
			runOnlyForDeploymentPostprocessing = 0;
		};
		C5D8BD19227F596200BFEE80 /* Headers */ = {
			isa = PBXHeadersBuildPhase;
			buildActionMask = 2147483647;
			files = (
				C5D8BD2E227F596300BFEE80 /* LogStu_macOS.h in Headers */,
			);
			runOnlyForDeploymentPostprocessing = 0;
		};
/* End PBXHeadersBuildPhase section */

/* Begin PBXNativeTarget section */
		C5D8BCCB227F58E600BFEE80 /* LogStu iOS */ = {
			isa = PBXNativeTarget;
			buildConfigurationList = C5D8BCDD227F58E600BFEE80 /* Build configuration list for PBXNativeTarget "LogStu iOS" */;
			buildPhases = (
				E0899F72C73DB17DA848014C /* [CP] Check Pods Manifest.lock */,
				C5D8BCC7227F58E600BFEE80 /* Headers */,
				C5D8BCC8227F58E600BFEE80 /* Sources */,
				C5D8BCC9227F58E600BFEE80 /* Frameworks */,
				C5D8BCCA227F58E600BFEE80 /* Resources */,
			);
			buildRules = (
			);
			dependencies = (
			);
			name = "LogStu iOS";
			productName = "LogStu iOS";
			productReference = C5D8BCCC227F58E600BFEE80 /* LogStu_iOS.framework */;
			productType = "com.apple.product-type.framework";
		};
		C5D8BCD3227F58E600BFEE80 /* LogStu iOSTests */ = {
			isa = PBXNativeTarget;
			buildConfigurationList = C5D8BCE0227F58E600BFEE80 /* Build configuration list for PBXNativeTarget "LogStu iOSTests" */;
			buildPhases = (
				3C02CE5753EC24BC02F0AFD3 /* [CP] Check Pods Manifest.lock */,
				C5D8BCD0227F58E600BFEE80 /* Sources */,
				C5D8BCD1227F58E600BFEE80 /* Frameworks */,
				C5D8BCD2227F58E600BFEE80 /* Resources */,
			);
			buildRules = (
			);
			dependencies = (
				C5D8BCD7227F58E600BFEE80 /* PBXTargetDependency */,
			);
			name = "LogStu iOSTests";
			productName = "LogStu iOSTests";
			productReference = C5D8BCD4227F58E600BFEE80 /* LogStu iOSTests.xctest */;
			productType = "com.apple.product-type.bundle.unit-test";
		};
		C5D8BCF4227F592B00BFEE80 /* LogStu watchOS */ = {
			isa = PBXNativeTarget;
			buildConfigurationList = C5D8BCFA227F592B00BFEE80 /* Build configuration list for PBXNativeTarget "LogStu watchOS" */;
			buildPhases = (
				205DD2BFF68D29BEC7ADED12 /* [CP] Check Pods Manifest.lock */,
				C5D8BCF0227F592B00BFEE80 /* Headers */,
				C5D8BCF1227F592B00BFEE80 /* Sources */,
				C5D8BCF2227F592B00BFEE80 /* Frameworks */,
				C5D8BCF3227F592B00BFEE80 /* Resources */,
			);
			buildRules = (
			);
			dependencies = (
			);
			name = "LogStu watchOS";
			productName = "LogStu watchOS";
			productReference = C5D8BCF5227F592B00BFEE80 /* LogStu_watchOS.framework */;
			productType = "com.apple.product-type.framework";
		};
		C5D8BD01227F594000BFEE80 /* LogStu tvOS */ = {
			isa = PBXNativeTarget;
			buildConfigurationList = C5D8BD13227F594000BFEE80 /* Build configuration list for PBXNativeTarget "LogStu tvOS" */;
			buildPhases = (
				A878C1842776680375A2745C /* [CP] Check Pods Manifest.lock */,
				C5D8BCFD227F594000BFEE80 /* Headers */,
				C5D8BCFE227F594000BFEE80 /* Sources */,
				C5D8BCFF227F594000BFEE80 /* Frameworks */,
				C5D8BD00227F594000BFEE80 /* Resources */,
			);
			buildRules = (
			);
			dependencies = (
			);
			name = "LogStu tvOS";
			productName = "LogStu tvOS";
			productReference = C5D8BD02227F594000BFEE80 /* LogStu_tvOS.framework */;
			productType = "com.apple.product-type.framework";
		};
		C5D8BD09227F594000BFEE80 /* LogStu tvOSTests */ = {
			isa = PBXNativeTarget;
			buildConfigurationList = C5D8BD16227F594000BFEE80 /* Build configuration list for PBXNativeTarget "LogStu tvOSTests" */;
			buildPhases = (
				9AF0A7EA47BEA768C98B4094 /* [CP] Check Pods Manifest.lock */,
				C5D8BD06227F594000BFEE80 /* Sources */,
				C5D8BD07227F594000BFEE80 /* Frameworks */,
				C5D8BD08227F594000BFEE80 /* Resources */,
			);
			buildRules = (
			);
			dependencies = (
				C5D8BD0D227F594000BFEE80 /* PBXTargetDependency */,
			);
			name = "LogStu tvOSTests";
			productName = "LogStu tvOSTests";
			productReference = C5D8BD0A227F594000BFEE80 /* LogStu tvOSTests.xctest */;
			productType = "com.apple.product-type.bundle.unit-test";
		};
		C5D8BD1D227F596200BFEE80 /* LogStu macOS */ = {
			isa = PBXNativeTarget;
			buildConfigurationList = C5D8BD2F227F596300BFEE80 /* Build configuration list for PBXNativeTarget "LogStu macOS" */;
			buildPhases = (
				61E6B844484F7C9695766EA1 /* [CP] Check Pods Manifest.lock */,
				C5D8BD19227F596200BFEE80 /* Headers */,
				C5D8BD1A227F596200BFEE80 /* Sources */,
				C5D8BD1B227F596200BFEE80 /* Frameworks */,
				C5D8BD1C227F596200BFEE80 /* Resources */,
			);
			buildRules = (
			);
			dependencies = (
			);
			name = "LogStu macOS";
			productName = "LogStu macOS";
			productReference = C5D8BD1E227F596200BFEE80 /* LogStu_macOS.framework */;
			productType = "com.apple.product-type.framework";
		};
		C5D8BD25227F596300BFEE80 /* LogStu macOSTests */ = {
			isa = PBXNativeTarget;
			buildConfigurationList = C5D8BD32227F596300BFEE80 /* Build configuration list for PBXNativeTarget "LogStu macOSTests" */;
			buildPhases = (
				4A114E520BD37AA19ECFE4AF /* [CP] Check Pods Manifest.lock */,
				C5D8BD22227F596300BFEE80 /* Sources */,
				C5D8BD23227F596300BFEE80 /* Frameworks */,
				C5D8BD24227F596300BFEE80 /* Resources */,
			);
			buildRules = (
			);
			dependencies = (
				C5D8BD29227F596300BFEE80 /* PBXTargetDependency */,
			);
			name = "LogStu macOSTests";
			productName = "LogStu macOSTests";
			productReference = C5D8BD26227F596300BFEE80 /* LogStu macOSTests.xctest */;
			productType = "com.apple.product-type.bundle.unit-test";
		};
/* End PBXNativeTarget section */

/* Begin PBXProject section */
		C5D8BCA4227F579800BFEE80 /* Project object */ = {
			isa = PBXProject;
			attributes = {
				LastSwiftUpdateCheck = 1020;
				LastUpgradeCheck = 1020;
				TargetAttributes = {
					C5D8BCCB227F58E600BFEE80 = {
						CreatedOnToolsVersion = 10.2.1;
					};
					C5D8BCD3227F58E600BFEE80 = {
						CreatedOnToolsVersion = 10.2.1;
					};
					C5D8BCF4227F592B00BFEE80 = {
						CreatedOnToolsVersion = 10.2.1;
					};
					C5D8BD01227F594000BFEE80 = {
						CreatedOnToolsVersion = 10.2.1;
					};
					C5D8BD09227F594000BFEE80 = {
						CreatedOnToolsVersion = 10.2.1;
					};
					C5D8BD1D227F596200BFEE80 = {
						CreatedOnToolsVersion = 10.2.1;
					};
					C5D8BD25227F596300BFEE80 = {
						CreatedOnToolsVersion = 10.2.1;
					};
				};
			};
			buildConfigurationList = C5D8BCA7227F579800BFEE80 /* Build configuration list for PBXProject "LogStu" */;
			compatibilityVersion = "Xcode 9.3";
			developmentRegion = en;
			hasScannedForEncodings = 0;
			knownRegions = (
				en,
			);
			mainGroup = C5D8BCA3227F579800BFEE80;
			productRefGroup = C5D8BCB0227F58A300BFEE80 /* Products */;
			projectDirPath = "";
			projectRoot = "";
			targets = (
				C5D8BCCB227F58E600BFEE80 /* LogStu iOS */,
				C5D8BCD3227F58E600BFEE80 /* LogStu iOSTests */,
				C5D8BCF4227F592B00BFEE80 /* LogStu watchOS */,
				C5D8BD01227F594000BFEE80 /* LogStu tvOS */,
				C5D8BD09227F594000BFEE80 /* LogStu tvOSTests */,
				C5D8BD1D227F596200BFEE80 /* LogStu macOS */,
				C5D8BD25227F596300BFEE80 /* LogStu macOSTests */,
			);
		};
/* End PBXProject section */

/* Begin PBXResourcesBuildPhase section */
		C5D8BCCA227F58E600BFEE80 /* Resources */ = {
			isa = PBXResourcesBuildPhase;
			buildActionMask = 2147483647;
			files = (
			);
			runOnlyForDeploymentPostprocessing = 0;
		};
		C5D8BCD2227F58E600BFEE80 /* Resources */ = {
			isa = PBXResourcesBuildPhase;
			buildActionMask = 2147483647;
			files = (
			);
			runOnlyForDeploymentPostprocessing = 0;
		};
		C5D8BCF3227F592B00BFEE80 /* Resources */ = {
			isa = PBXResourcesBuildPhase;
			buildActionMask = 2147483647;
			files = (
			);
			runOnlyForDeploymentPostprocessing = 0;
		};
		C5D8BD00227F594000BFEE80 /* Resources */ = {
			isa = PBXResourcesBuildPhase;
			buildActionMask = 2147483647;
			files = (
			);
			runOnlyForDeploymentPostprocessing = 0;
		};
		C5D8BD08227F594000BFEE80 /* Resources */ = {
			isa = PBXResourcesBuildPhase;
			buildActionMask = 2147483647;
			files = (
			);
			runOnlyForDeploymentPostprocessing = 0;
		};
		C5D8BD1C227F596200BFEE80 /* Resources */ = {
			isa = PBXResourcesBuildPhase;
			buildActionMask = 2147483647;
			files = (
			);
			runOnlyForDeploymentPostprocessing = 0;
		};
		C5D8BD24227F596300BFEE80 /* Resources */ = {
			isa = PBXResourcesBuildPhase;
			buildActionMask = 2147483647;
			files = (
			);
			runOnlyForDeploymentPostprocessing = 0;
		};
/* End PBXResourcesBuildPhase section */

/* Begin PBXShellScriptBuildPhase section */
		205DD2BFF68D29BEC7ADED12 /* [CP] Check Pods Manifest.lock */ = {
			isa = PBXShellScriptBuildPhase;
			buildActionMask = 2147483647;
			files = (
			);
			inputFileListPaths = (
			);
			inputPaths = (
				"${PODS_PODFILE_DIR_PATH}/Podfile.lock",
				"${PODS_ROOT}/Manifest.lock",
			);
			name = "[CP] Check Pods Manifest.lock";
			outputFileListPaths = (
			);
			outputPaths = (
				"$(DERIVED_FILE_DIR)/Pods-LogStu watchOS-checkManifestLockResult.txt",
			);
			runOnlyForDeploymentPostprocessing = 0;
			shellPath = /bin/sh;
			shellScript = "diff \"${PODS_PODFILE_DIR_PATH}/Podfile.lock\" \"${PODS_ROOT}/Manifest.lock\" > /dev/null\nif [ $? != 0 ] ; then\n    # print error to STDERR\n    echo \"error: The sandbox is not in sync with the Podfile.lock. Run 'pod install' or update your CocoaPods installation.\" >&2\n    exit 1\nfi\n# This output is used by Xcode 'outputs' to avoid re-running this script phase.\necho \"SUCCESS\" > \"${SCRIPT_OUTPUT_FILE_0}\"\n";
			showEnvVarsInLog = 0;
		};
		3C02CE5753EC24BC02F0AFD3 /* [CP] Check Pods Manifest.lock */ = {
			isa = PBXShellScriptBuildPhase;
			buildActionMask = 2147483647;
			files = (
			);
			inputFileListPaths = (
			);
			inputPaths = (
				"${PODS_PODFILE_DIR_PATH}/Podfile.lock",
				"${PODS_ROOT}/Manifest.lock",
			);
			name = "[CP] Check Pods Manifest.lock";
			outputFileListPaths = (
			);
			outputPaths = (
				"$(DERIVED_FILE_DIR)/Pods-LogStu iOSTests-checkManifestLockResult.txt",
			);
			runOnlyForDeploymentPostprocessing = 0;
			shellPath = /bin/sh;
			shellScript = "diff \"${PODS_PODFILE_DIR_PATH}/Podfile.lock\" \"${PODS_ROOT}/Manifest.lock\" > /dev/null\nif [ $? != 0 ] ; then\n    # print error to STDERR\n    echo \"error: The sandbox is not in sync with the Podfile.lock. Run 'pod install' or update your CocoaPods installation.\" >&2\n    exit 1\nfi\n# This output is used by Xcode 'outputs' to avoid re-running this script phase.\necho \"SUCCESS\" > \"${SCRIPT_OUTPUT_FILE_0}\"\n";
			showEnvVarsInLog = 0;
		};
		4A114E520BD37AA19ECFE4AF /* [CP] Check Pods Manifest.lock */ = {
			isa = PBXShellScriptBuildPhase;
			buildActionMask = 2147483647;
			files = (
			);
			inputFileListPaths = (
			);
			inputPaths = (
				"${PODS_PODFILE_DIR_PATH}/Podfile.lock",
				"${PODS_ROOT}/Manifest.lock",
			);
			name = "[CP] Check Pods Manifest.lock";
			outputFileListPaths = (
			);
			outputPaths = (
				"$(DERIVED_FILE_DIR)/Pods-LogStu macOSTests-checkManifestLockResult.txt",
			);
			runOnlyForDeploymentPostprocessing = 0;
			shellPath = /bin/sh;
			shellScript = "diff \"${PODS_PODFILE_DIR_PATH}/Podfile.lock\" \"${PODS_ROOT}/Manifest.lock\" > /dev/null\nif [ $? != 0 ] ; then\n    # print error to STDERR\n    echo \"error: The sandbox is not in sync with the Podfile.lock. Run 'pod install' or update your CocoaPods installation.\" >&2\n    exit 1\nfi\n# This output is used by Xcode 'outputs' to avoid re-running this script phase.\necho \"SUCCESS\" > \"${SCRIPT_OUTPUT_FILE_0}\"\n";
			showEnvVarsInLog = 0;
		};
		61E6B844484F7C9695766EA1 /* [CP] Check Pods Manifest.lock */ = {
			isa = PBXShellScriptBuildPhase;
			buildActionMask = 2147483647;
			files = (
			);
			inputFileListPaths = (
			);
			inputPaths = (
				"${PODS_PODFILE_DIR_PATH}/Podfile.lock",
				"${PODS_ROOT}/Manifest.lock",
			);
			name = "[CP] Check Pods Manifest.lock";
			outputFileListPaths = (
			);
			outputPaths = (
				"$(DERIVED_FILE_DIR)/Pods-LogStu macOS-checkManifestLockResult.txt",
			);
			runOnlyForDeploymentPostprocessing = 0;
			shellPath = /bin/sh;
			shellScript = "diff \"${PODS_PODFILE_DIR_PATH}/Podfile.lock\" \"${PODS_ROOT}/Manifest.lock\" > /dev/null\nif [ $? != 0 ] ; then\n    # print error to STDERR\n    echo \"error: The sandbox is not in sync with the Podfile.lock. Run 'pod install' or update your CocoaPods installation.\" >&2\n    exit 1\nfi\n# This output is used by Xcode 'outputs' to avoid re-running this script phase.\necho \"SUCCESS\" > \"${SCRIPT_OUTPUT_FILE_0}\"\n";
			showEnvVarsInLog = 0;
		};
		9AF0A7EA47BEA768C98B4094 /* [CP] Check Pods Manifest.lock */ = {
			isa = PBXShellScriptBuildPhase;
			buildActionMask = 2147483647;
			files = (
			);
			inputFileListPaths = (
			);
			inputPaths = (
				"${PODS_PODFILE_DIR_PATH}/Podfile.lock",
				"${PODS_ROOT}/Manifest.lock",
			);
			name = "[CP] Check Pods Manifest.lock";
			outputFileListPaths = (
			);
			outputPaths = (
				"$(DERIVED_FILE_DIR)/Pods-LogStu tvOSTests-checkManifestLockResult.txt",
			);
			runOnlyForDeploymentPostprocessing = 0;
			shellPath = /bin/sh;
			shellScript = "diff \"${PODS_PODFILE_DIR_PATH}/Podfile.lock\" \"${PODS_ROOT}/Manifest.lock\" > /dev/null\nif [ $? != 0 ] ; then\n    # print error to STDERR\n    echo \"error: The sandbox is not in sync with the Podfile.lock. Run 'pod install' or update your CocoaPods installation.\" >&2\n    exit 1\nfi\n# This output is used by Xcode 'outputs' to avoid re-running this script phase.\necho \"SUCCESS\" > \"${SCRIPT_OUTPUT_FILE_0}\"\n";
			showEnvVarsInLog = 0;
		};
		A878C1842776680375A2745C /* [CP] Check Pods Manifest.lock */ = {
			isa = PBXShellScriptBuildPhase;
			buildActionMask = 2147483647;
			files = (
			);
			inputFileListPaths = (
			);
			inputPaths = (
				"${PODS_PODFILE_DIR_PATH}/Podfile.lock",
				"${PODS_ROOT}/Manifest.lock",
			);
			name = "[CP] Check Pods Manifest.lock";
			outputFileListPaths = (
			);
			outputPaths = (
				"$(DERIVED_FILE_DIR)/Pods-LogStu tvOS-checkManifestLockResult.txt",
			);
			runOnlyForDeploymentPostprocessing = 0;
			shellPath = /bin/sh;
			shellScript = "diff \"${PODS_PODFILE_DIR_PATH}/Podfile.lock\" \"${PODS_ROOT}/Manifest.lock\" > /dev/null\nif [ $? != 0 ] ; then\n    # print error to STDERR\n    echo \"error: The sandbox is not in sync with the Podfile.lock. Run 'pod install' or update your CocoaPods installation.\" >&2\n    exit 1\nfi\n# This output is used by Xcode 'outputs' to avoid re-running this script phase.\necho \"SUCCESS\" > \"${SCRIPT_OUTPUT_FILE_0}\"\n";
			showEnvVarsInLog = 0;
		};
		E0899F72C73DB17DA848014C /* [CP] Check Pods Manifest.lock */ = {
			isa = PBXShellScriptBuildPhase;
			buildActionMask = 2147483647;
			files = (
			);
			inputFileListPaths = (
			);
			inputPaths = (
				"${PODS_PODFILE_DIR_PATH}/Podfile.lock",
				"${PODS_ROOT}/Manifest.lock",
			);
			name = "[CP] Check Pods Manifest.lock";
			outputFileListPaths = (
			);
			outputPaths = (
				"$(DERIVED_FILE_DIR)/Pods-LogStu iOS-checkManifestLockResult.txt",
			);
			runOnlyForDeploymentPostprocessing = 0;
			shellPath = /bin/sh;
			shellScript = "diff \"${PODS_PODFILE_DIR_PATH}/Podfile.lock\" \"${PODS_ROOT}/Manifest.lock\" > /dev/null\nif [ $? != 0 ] ; then\n    # print error to STDERR\n    echo \"error: The sandbox is not in sync with the Podfile.lock. Run 'pod install' or update your CocoaPods installation.\" >&2\n    exit 1\nfi\n# This output is used by Xcode 'outputs' to avoid re-running this script phase.\necho \"SUCCESS\" > \"${SCRIPT_OUTPUT_FILE_0}\"\n";
			showEnvVarsInLog = 0;
		};
/* End PBXShellScriptBuildPhase section */

/* Begin PBXSourcesBuildPhase section */
		C5D8BCC8227F58E600BFEE80 /* Sources */ = {
			isa = PBXSourcesBuildPhase;
			buildActionMask = 2147483647;
			files = (
			);
			runOnlyForDeploymentPostprocessing = 0;
		};
		C5D8BCD0227F58E600BFEE80 /* Sources */ = {
			isa = PBXSourcesBuildPhase;
			buildActionMask = 2147483647;
			files = (
				C5D8BCDA227F58E600BFEE80 /* LogStu_iOSTests.swift in Sources */,
			);
			runOnlyForDeploymentPostprocessing = 0;
		};
		C5D8BCF1227F592B00BFEE80 /* Sources */ = {
			isa = PBXSourcesBuildPhase;
			buildActionMask = 2147483647;
			files = (
			);
			runOnlyForDeploymentPostprocessing = 0;
		};
		C5D8BCFE227F594000BFEE80 /* Sources */ = {
			isa = PBXSourcesBuildPhase;
			buildActionMask = 2147483647;
			files = (
			);
			runOnlyForDeploymentPostprocessing = 0;
		};
		C5D8BD06227F594000BFEE80 /* Sources */ = {
			isa = PBXSourcesBuildPhase;
			buildActionMask = 2147483647;
			files = (
				C5D8BD10227F594000BFEE80 /* LogStu_tvOSTests.swift in Sources */,
			);
			runOnlyForDeploymentPostprocessing = 0;
		};
		C5D8BD1A227F596200BFEE80 /* Sources */ = {
			isa = PBXSourcesBuildPhase;
			buildActionMask = 2147483647;
			files = (
			);
			runOnlyForDeploymentPostprocessing = 0;
		};
		C5D8BD22227F596300BFEE80 /* Sources */ = {
			isa = PBXSourcesBuildPhase;
			buildActionMask = 2147483647;
			files = (
				C5D8BD2C227F596300BFEE80 /* LogStu_macOSTests.swift in Sources */,
			);
			runOnlyForDeploymentPostprocessing = 0;
		};
/* End PBXSourcesBuildPhase section */

/* Begin PBXTargetDependency section */
		C5D8BCD7227F58E600BFEE80 /* PBXTargetDependency */ = {
			isa = PBXTargetDependency;
			target = C5D8BCCB227F58E600BFEE80 /* LogStu iOS */;
			targetProxy = C5D8BCD6227F58E600BFEE80 /* PBXContainerItemProxy */;
		};
		C5D8BD0D227F594000BFEE80 /* PBXTargetDependency */ = {
			isa = PBXTargetDependency;
			target = C5D8BD01227F594000BFEE80 /* LogStu tvOS */;
			targetProxy = C5D8BD0C227F594000BFEE80 /* PBXContainerItemProxy */;
		};
		C5D8BD29227F596300BFEE80 /* PBXTargetDependency */ = {
			isa = PBXTargetDependency;
			target = C5D8BD1D227F596200BFEE80 /* LogStu macOS */;
			targetProxy = C5D8BD28227F596300BFEE80 /* PBXContainerItemProxy */;
		};
/* End PBXTargetDependency section */

/* Begin XCBuildConfiguration section */
		C5D8BCA8227F579800BFEE80 /* Debug */ = {
			isa = XCBuildConfiguration;
			buildSettings = {
			};
			name = Debug;
		};
		C5D8BCA9227F579800BFEE80 /* Release */ = {
			isa = XCBuildConfiguration;
			buildSettings = {
			};
			name = Release;
		};
		C5D8BCDE227F58E600BFEE80 /* Debug */ = {
			isa = XCBuildConfiguration;
			baseConfigurationReference = 86825A1E5F7B9D2E6A34E542 /* Pods-LogStu iOS.debug.xcconfig */;
			buildSettings = {
				ALWAYS_SEARCH_USER_PATHS = NO;
				CLANG_ANALYZER_NONNULL = YES;
				CLANG_ANALYZER_NUMBER_OBJECT_CONVERSION = YES_AGGRESSIVE;
				CLANG_CXX_LANGUAGE_STANDARD = "gnu++14";
				CLANG_CXX_LIBRARY = "libc++";
				CLANG_ENABLE_MODULES = YES;
				CLANG_ENABLE_OBJC_ARC = YES;
				CLANG_ENABLE_OBJC_WEAK = YES;
				CLANG_WARN_BLOCK_CAPTURE_AUTORELEASING = YES;
				CLANG_WARN_BOOL_CONVERSION = YES;
				CLANG_WARN_COMMA = YES;
				CLANG_WARN_CONSTANT_CONVERSION = YES;
				CLANG_WARN_DEPRECATED_OBJC_IMPLEMENTATIONS = YES;
				CLANG_WARN_DIRECT_OBJC_ISA_USAGE = YES_ERROR;
				CLANG_WARN_DOCUMENTATION_COMMENTS = YES;
				CLANG_WARN_EMPTY_BODY = YES;
				CLANG_WARN_ENUM_CONVERSION = YES;
				CLANG_WARN_INFINITE_RECURSION = YES;
				CLANG_WARN_INT_CONVERSION = YES;
				CLANG_WARN_NON_LITERAL_NULL_CONVERSION = YES;
				CLANG_WARN_OBJC_IMPLICIT_RETAIN_SELF = YES;
				CLANG_WARN_OBJC_LITERAL_CONVERSION = YES;
				CLANG_WARN_OBJC_ROOT_CLASS = YES_ERROR;
				CLANG_WARN_RANGE_LOOP_ANALYSIS = YES;
				CLANG_WARN_STRICT_PROTOTYPES = YES;
				CLANG_WARN_SUSPICIOUS_MOVE = YES;
				CLANG_WARN_UNGUARDED_AVAILABILITY = YES_AGGRESSIVE;
				CLANG_WARN_UNREACHABLE_CODE = YES;
				CLANG_WARN__DUPLICATE_METHOD_MATCH = YES;
				CODE_SIGN_IDENTITY = "iPhone Developer";
				CODE_SIGN_STYLE = Automatic;
				COPY_PHASE_STRIP = NO;
				CURRENT_PROJECT_VERSION = 1;
				DEBUG_INFORMATION_FORMAT = dwarf;
				DEFINES_MODULE = YES;
				DEVELOPMENT_TEAM = 9MQ43TG5Q9;
				DYLIB_COMPATIBILITY_VERSION = 1;
				DYLIB_CURRENT_VERSION = 1;
				DYLIB_INSTALL_NAME_BASE = "@rpath";
				ENABLE_STRICT_OBJC_MSGSEND = YES;
				ENABLE_TESTABILITY = YES;
				GCC_C_LANGUAGE_STANDARD = gnu11;
				GCC_DYNAMIC_NO_PIC = NO;
				GCC_NO_COMMON_BLOCKS = YES;
				GCC_OPTIMIZATION_LEVEL = 0;
				GCC_PREPROCESSOR_DEFINITIONS = (
					"DEBUG=1",
					"$(inherited)",
				);
				GCC_WARN_64_TO_32_BIT_CONVERSION = YES;
				GCC_WARN_ABOUT_RETURN_TYPE = YES_ERROR;
				GCC_WARN_UNDECLARED_SELECTOR = YES;
				GCC_WARN_UNINITIALIZED_AUTOS = YES_AGGRESSIVE;
				GCC_WARN_UNUSED_FUNCTION = YES;
				GCC_WARN_UNUSED_VARIABLE = YES;
				INFOPLIST_FILE = "LogStu iOS/Info.plist";
				INSTALL_PATH = "$(LOCAL_LIBRARY_DIR)/Frameworks";
				IPHONEOS_DEPLOYMENT_TARGET = 12.2;
				LD_RUNPATH_SEARCH_PATHS = (
					"$(inherited)",
					"@executable_path/Frameworks",
					"@loader_path/Frameworks",
				);
				MTL_ENABLE_DEBUG_INFO = INCLUDE_SOURCE;
				MTL_FAST_MATH = YES;
				ONLY_ACTIVE_ARCH = YES;
				PRODUCT_BUNDLE_IDENTIFIER = "com.jasnstu.LogStu-iOS";
				PRODUCT_NAME = "$(TARGET_NAME:c99extidentifier)";
				SDKROOT = iphoneos;
				SKIP_INSTALL = YES;
				SWIFT_ACTIVE_COMPILATION_CONDITIONS = DEBUG;
				SWIFT_OPTIMIZATION_LEVEL = "-Onone";
				SWIFT_VERSION = 5.0;
				TARGETED_DEVICE_FAMILY = "1,2";
				VERSIONING_SYSTEM = "apple-generic";
				VERSION_INFO_PREFIX = "";
			};
			name = Debug;
		};
		C5D8BCDF227F58E600BFEE80 /* Release */ = {
			isa = XCBuildConfiguration;
			baseConfigurationReference = 07C0D0446506615B89E5AABD /* Pods-LogStu iOS.release.xcconfig */;
			buildSettings = {
				ALWAYS_SEARCH_USER_PATHS = NO;
				CLANG_ANALYZER_NONNULL = YES;
				CLANG_ANALYZER_NUMBER_OBJECT_CONVERSION = YES_AGGRESSIVE;
				CLANG_CXX_LANGUAGE_STANDARD = "gnu++14";
				CLANG_CXX_LIBRARY = "libc++";
				CLANG_ENABLE_MODULES = YES;
				CLANG_ENABLE_OBJC_ARC = YES;
				CLANG_ENABLE_OBJC_WEAK = YES;
				CLANG_WARN_BLOCK_CAPTURE_AUTORELEASING = YES;
				CLANG_WARN_BOOL_CONVERSION = YES;
				CLANG_WARN_COMMA = YES;
				CLANG_WARN_CONSTANT_CONVERSION = YES;
				CLANG_WARN_DEPRECATED_OBJC_IMPLEMENTATIONS = YES;
				CLANG_WARN_DIRECT_OBJC_ISA_USAGE = YES_ERROR;
				CLANG_WARN_DOCUMENTATION_COMMENTS = YES;
				CLANG_WARN_EMPTY_BODY = YES;
				CLANG_WARN_ENUM_CONVERSION = YES;
				CLANG_WARN_INFINITE_RECURSION = YES;
				CLANG_WARN_INT_CONVERSION = YES;
				CLANG_WARN_NON_LITERAL_NULL_CONVERSION = YES;
				CLANG_WARN_OBJC_IMPLICIT_RETAIN_SELF = YES;
				CLANG_WARN_OBJC_LITERAL_CONVERSION = YES;
				CLANG_WARN_OBJC_ROOT_CLASS = YES_ERROR;
				CLANG_WARN_RANGE_LOOP_ANALYSIS = YES;
				CLANG_WARN_STRICT_PROTOTYPES = YES;
				CLANG_WARN_SUSPICIOUS_MOVE = YES;
				CLANG_WARN_UNGUARDED_AVAILABILITY = YES_AGGRESSIVE;
				CLANG_WARN_UNREACHABLE_CODE = YES;
				CLANG_WARN__DUPLICATE_METHOD_MATCH = YES;
				CODE_SIGN_IDENTITY = "iPhone Developer";
				CODE_SIGN_STYLE = Automatic;
				COPY_PHASE_STRIP = NO;
				CURRENT_PROJECT_VERSION = 1;
				DEBUG_INFORMATION_FORMAT = "dwarf-with-dsym";
				DEFINES_MODULE = YES;
				DEVELOPMENT_TEAM = 9MQ43TG5Q9;
				DYLIB_COMPATIBILITY_VERSION = 1;
				DYLIB_CURRENT_VERSION = 1;
				DYLIB_INSTALL_NAME_BASE = "@rpath";
				ENABLE_NS_ASSERTIONS = NO;
				ENABLE_STRICT_OBJC_MSGSEND = YES;
				GCC_C_LANGUAGE_STANDARD = gnu11;
				GCC_NO_COMMON_BLOCKS = YES;
				GCC_WARN_64_TO_32_BIT_CONVERSION = YES;
				GCC_WARN_ABOUT_RETURN_TYPE = YES_ERROR;
				GCC_WARN_UNDECLARED_SELECTOR = YES;
				GCC_WARN_UNINITIALIZED_AUTOS = YES_AGGRESSIVE;
				GCC_WARN_UNUSED_FUNCTION = YES;
				GCC_WARN_UNUSED_VARIABLE = YES;
				INFOPLIST_FILE = "LogStu iOS/Info.plist";
				INSTALL_PATH = "$(LOCAL_LIBRARY_DIR)/Frameworks";
				IPHONEOS_DEPLOYMENT_TARGET = 12.2;
				LD_RUNPATH_SEARCH_PATHS = (
					"$(inherited)",
					"@executable_path/Frameworks",
					"@loader_path/Frameworks",
				);
				MTL_ENABLE_DEBUG_INFO = NO;
				MTL_FAST_MATH = YES;
				PRODUCT_BUNDLE_IDENTIFIER = "com.jasnstu.LogStu-iOS";
				PRODUCT_NAME = "$(TARGET_NAME:c99extidentifier)";
				SDKROOT = iphoneos;
				SKIP_INSTALL = YES;
				SWIFT_COMPILATION_MODE = wholemodule;
				SWIFT_OPTIMIZATION_LEVEL = "-O";
				SWIFT_VERSION = 5.0;
				TARGETED_DEVICE_FAMILY = "1,2";
				VALIDATE_PRODUCT = YES;
				VERSIONING_SYSTEM = "apple-generic";
				VERSION_INFO_PREFIX = "";
			};
			name = Release;
		};
		C5D8BCE1227F58E600BFEE80 /* Debug */ = {
			isa = XCBuildConfiguration;
			baseConfigurationReference = 778F24951D6CD9F8A393B333 /* Pods-LogStu iOSTests.debug.xcconfig */;
			buildSettings = {
				ALWAYS_SEARCH_USER_PATHS = NO;
				CLANG_ANALYZER_NONNULL = YES;
				CLANG_ANALYZER_NUMBER_OBJECT_CONVERSION = YES_AGGRESSIVE;
				CLANG_CXX_LANGUAGE_STANDARD = "gnu++14";
				CLANG_CXX_LIBRARY = "libc++";
				CLANG_ENABLE_MODULES = YES;
				CLANG_ENABLE_OBJC_ARC = YES;
				CLANG_ENABLE_OBJC_WEAK = YES;
				CLANG_WARN_BLOCK_CAPTURE_AUTORELEASING = YES;
				CLANG_WARN_BOOL_CONVERSION = YES;
				CLANG_WARN_COMMA = YES;
				CLANG_WARN_CONSTANT_CONVERSION = YES;
				CLANG_WARN_DEPRECATED_OBJC_IMPLEMENTATIONS = YES;
				CLANG_WARN_DIRECT_OBJC_ISA_USAGE = YES_ERROR;
				CLANG_WARN_DOCUMENTATION_COMMENTS = YES;
				CLANG_WARN_EMPTY_BODY = YES;
				CLANG_WARN_ENUM_CONVERSION = YES;
				CLANG_WARN_INFINITE_RECURSION = YES;
				CLANG_WARN_INT_CONVERSION = YES;
				CLANG_WARN_NON_LITERAL_NULL_CONVERSION = YES;
				CLANG_WARN_OBJC_IMPLICIT_RETAIN_SELF = YES;
				CLANG_WARN_OBJC_LITERAL_CONVERSION = YES;
				CLANG_WARN_OBJC_ROOT_CLASS = YES_ERROR;
				CLANG_WARN_RANGE_LOOP_ANALYSIS = YES;
				CLANG_WARN_STRICT_PROTOTYPES = YES;
				CLANG_WARN_SUSPICIOUS_MOVE = YES;
				CLANG_WARN_UNGUARDED_AVAILABILITY = YES_AGGRESSIVE;
				CLANG_WARN_UNREACHABLE_CODE = YES;
				CLANG_WARN__DUPLICATE_METHOD_MATCH = YES;
				CODE_SIGN_IDENTITY = "iPhone Developer";
				CODE_SIGN_STYLE = Automatic;
				COPY_PHASE_STRIP = NO;
				DEBUG_INFORMATION_FORMAT = dwarf;
				DEVELOPMENT_TEAM = 9MQ43TG5Q9;
				ENABLE_STRICT_OBJC_MSGSEND = YES;
				ENABLE_TESTABILITY = YES;
				GCC_C_LANGUAGE_STANDARD = gnu11;
				GCC_DYNAMIC_NO_PIC = NO;
				GCC_NO_COMMON_BLOCKS = YES;
				GCC_OPTIMIZATION_LEVEL = 0;
				GCC_PREPROCESSOR_DEFINITIONS = (
					"DEBUG=1",
					"$(inherited)",
				);
				GCC_WARN_64_TO_32_BIT_CONVERSION = YES;
				GCC_WARN_ABOUT_RETURN_TYPE = YES_ERROR;
				GCC_WARN_UNDECLARED_SELECTOR = YES;
				GCC_WARN_UNINITIALIZED_AUTOS = YES_AGGRESSIVE;
				GCC_WARN_UNUSED_FUNCTION = YES;
				GCC_WARN_UNUSED_VARIABLE = YES;
				INFOPLIST_FILE = "LogStu iOSTests/Info.plist";
				IPHONEOS_DEPLOYMENT_TARGET = 12.2;
				LD_RUNPATH_SEARCH_PATHS = (
					"$(inherited)",
					"@executable_path/Frameworks",
					"@loader_path/Frameworks",
				);
				MTL_ENABLE_DEBUG_INFO = INCLUDE_SOURCE;
				MTL_FAST_MATH = YES;
				ONLY_ACTIVE_ARCH = YES;
				PRODUCT_BUNDLE_IDENTIFIER = "com.jasnstu.LogStu-iOSTests";
				PRODUCT_NAME = "$(TARGET_NAME)";
				SDKROOT = iphoneos;
				SWIFT_ACTIVE_COMPILATION_CONDITIONS = DEBUG;
				SWIFT_OPTIMIZATION_LEVEL = "-Onone";
				SWIFT_VERSION = 5.0;
				TARGETED_DEVICE_FAMILY = "1,2";
			};
			name = Debug;
		};
		C5D8BCE2227F58E600BFEE80 /* Release */ = {
			isa = XCBuildConfiguration;
			baseConfigurationReference = 8AF39986EF12E10BD604A4D2 /* Pods-LogStu iOSTests.release.xcconfig */;
			buildSettings = {
				ALWAYS_SEARCH_USER_PATHS = NO;
				CLANG_ANALYZER_NONNULL = YES;
				CLANG_ANALYZER_NUMBER_OBJECT_CONVERSION = YES_AGGRESSIVE;
				CLANG_CXX_LANGUAGE_STANDARD = "gnu++14";
				CLANG_CXX_LIBRARY = "libc++";
				CLANG_ENABLE_MODULES = YES;
				CLANG_ENABLE_OBJC_ARC = YES;
				CLANG_ENABLE_OBJC_WEAK = YES;
				CLANG_WARN_BLOCK_CAPTURE_AUTORELEASING = YES;
				CLANG_WARN_BOOL_CONVERSION = YES;
				CLANG_WARN_COMMA = YES;
				CLANG_WARN_CONSTANT_CONVERSION = YES;
				CLANG_WARN_DEPRECATED_OBJC_IMPLEMENTATIONS = YES;
				CLANG_WARN_DIRECT_OBJC_ISA_USAGE = YES_ERROR;
				CLANG_WARN_DOCUMENTATION_COMMENTS = YES;
				CLANG_WARN_EMPTY_BODY = YES;
				CLANG_WARN_ENUM_CONVERSION = YES;
				CLANG_WARN_INFINITE_RECURSION = YES;
				CLANG_WARN_INT_CONVERSION = YES;
				CLANG_WARN_NON_LITERAL_NULL_CONVERSION = YES;
				CLANG_WARN_OBJC_IMPLICIT_RETAIN_SELF = YES;
				CLANG_WARN_OBJC_LITERAL_CONVERSION = YES;
				CLANG_WARN_OBJC_ROOT_CLASS = YES_ERROR;
				CLANG_WARN_RANGE_LOOP_ANALYSIS = YES;
				CLANG_WARN_STRICT_PROTOTYPES = YES;
				CLANG_WARN_SUSPICIOUS_MOVE = YES;
				CLANG_WARN_UNGUARDED_AVAILABILITY = YES_AGGRESSIVE;
				CLANG_WARN_UNREACHABLE_CODE = YES;
				CLANG_WARN__DUPLICATE_METHOD_MATCH = YES;
				CODE_SIGN_IDENTITY = "iPhone Developer";
				CODE_SIGN_STYLE = Automatic;
				COPY_PHASE_STRIP = NO;
				DEBUG_INFORMATION_FORMAT = "dwarf-with-dsym";
				DEVELOPMENT_TEAM = 9MQ43TG5Q9;
				ENABLE_NS_ASSERTIONS = NO;
				ENABLE_STRICT_OBJC_MSGSEND = YES;
				GCC_C_LANGUAGE_STANDARD = gnu11;
				GCC_NO_COMMON_BLOCKS = YES;
				GCC_WARN_64_TO_32_BIT_CONVERSION = YES;
				GCC_WARN_ABOUT_RETURN_TYPE = YES_ERROR;
				GCC_WARN_UNDECLARED_SELECTOR = YES;
				GCC_WARN_UNINITIALIZED_AUTOS = YES_AGGRESSIVE;
				GCC_WARN_UNUSED_FUNCTION = YES;
				GCC_WARN_UNUSED_VARIABLE = YES;
				INFOPLIST_FILE = "LogStu iOSTests/Info.plist";
				IPHONEOS_DEPLOYMENT_TARGET = 12.2;
				LD_RUNPATH_SEARCH_PATHS = (
					"$(inherited)",
					"@executable_path/Frameworks",
					"@loader_path/Frameworks",
				);
				MTL_ENABLE_DEBUG_INFO = NO;
				MTL_FAST_MATH = YES;
				PRODUCT_BUNDLE_IDENTIFIER = "com.jasnstu.LogStu-iOSTests";
				PRODUCT_NAME = "$(TARGET_NAME)";
				SDKROOT = iphoneos;
				SWIFT_COMPILATION_MODE = wholemodule;
				SWIFT_OPTIMIZATION_LEVEL = "-O";
				SWIFT_VERSION = 5.0;
				TARGETED_DEVICE_FAMILY = "1,2";
				VALIDATE_PRODUCT = YES;
			};
			name = Release;
		};
		C5D8BCFB227F592B00BFEE80 /* Debug */ = {
			isa = XCBuildConfiguration;
			baseConfigurationReference = B47E5BEF42ECBA76B860AC5A /* Pods-LogStu watchOS.debug.xcconfig */;
			buildSettings = {
				ALWAYS_SEARCH_USER_PATHS = NO;
				APPLICATION_EXTENSION_API_ONLY = YES;
				CLANG_ANALYZER_NONNULL = YES;
				CLANG_ANALYZER_NUMBER_OBJECT_CONVERSION = YES_AGGRESSIVE;
				CLANG_CXX_LANGUAGE_STANDARD = "gnu++14";
				CLANG_CXX_LIBRARY = "libc++";
				CLANG_ENABLE_MODULES = YES;
				CLANG_ENABLE_OBJC_ARC = YES;
				CLANG_ENABLE_OBJC_WEAK = YES;
				CLANG_WARN_BLOCK_CAPTURE_AUTORELEASING = YES;
				CLANG_WARN_BOOL_CONVERSION = YES;
				CLANG_WARN_COMMA = YES;
				CLANG_WARN_CONSTANT_CONVERSION = YES;
				CLANG_WARN_DEPRECATED_OBJC_IMPLEMENTATIONS = YES;
				CLANG_WARN_DIRECT_OBJC_ISA_USAGE = YES_ERROR;
				CLANG_WARN_DOCUMENTATION_COMMENTS = YES;
				CLANG_WARN_EMPTY_BODY = YES;
				CLANG_WARN_ENUM_CONVERSION = YES;
				CLANG_WARN_INFINITE_RECURSION = YES;
				CLANG_WARN_INT_CONVERSION = YES;
				CLANG_WARN_NON_LITERAL_NULL_CONVERSION = YES;
				CLANG_WARN_OBJC_IMPLICIT_RETAIN_SELF = YES;
				CLANG_WARN_OBJC_LITERAL_CONVERSION = YES;
				CLANG_WARN_OBJC_ROOT_CLASS = YES_ERROR;
				CLANG_WARN_RANGE_LOOP_ANALYSIS = YES;
				CLANG_WARN_STRICT_PROTOTYPES = YES;
				CLANG_WARN_SUSPICIOUS_MOVE = YES;
				CLANG_WARN_UNGUARDED_AVAILABILITY = YES_AGGRESSIVE;
				CLANG_WARN_UNREACHABLE_CODE = YES;
				CLANG_WARN__DUPLICATE_METHOD_MATCH = YES;
				CODE_SIGN_IDENTITY = "";
				CODE_SIGN_STYLE = Automatic;
				COPY_PHASE_STRIP = NO;
				CURRENT_PROJECT_VERSION = 1;
				DEBUG_INFORMATION_FORMAT = dwarf;
				DEFINES_MODULE = YES;
				DEVELOPMENT_TEAM = 9MQ43TG5Q9;
				DYLIB_COMPATIBILITY_VERSION = 1;
				DYLIB_CURRENT_VERSION = 1;
				DYLIB_INSTALL_NAME_BASE = "@rpath";
				ENABLE_STRICT_OBJC_MSGSEND = YES;
				ENABLE_TESTABILITY = YES;
				GCC_C_LANGUAGE_STANDARD = gnu11;
				GCC_DYNAMIC_NO_PIC = NO;
				GCC_NO_COMMON_BLOCKS = YES;
				GCC_OPTIMIZATION_LEVEL = 0;
				GCC_PREPROCESSOR_DEFINITIONS = (
					"DEBUG=1",
					"$(inherited)",
				);
				GCC_WARN_64_TO_32_BIT_CONVERSION = YES;
				GCC_WARN_ABOUT_RETURN_TYPE = YES_ERROR;
				GCC_WARN_UNDECLARED_SELECTOR = YES;
				GCC_WARN_UNINITIALIZED_AUTOS = YES_AGGRESSIVE;
				GCC_WARN_UNUSED_FUNCTION = YES;
				GCC_WARN_UNUSED_VARIABLE = YES;
				INFOPLIST_FILE = "LogStu watchOS/Info.plist";
				INSTALL_PATH = "$(LOCAL_LIBRARY_DIR)/Frameworks";
				LD_RUNPATH_SEARCH_PATHS = (
					"$(inherited)",
					"@executable_path/Frameworks",
					"@loader_path/Frameworks",
				);
				MTL_ENABLE_DEBUG_INFO = INCLUDE_SOURCE;
				MTL_FAST_MATH = YES;
				ONLY_ACTIVE_ARCH = YES;
				PRODUCT_BUNDLE_IDENTIFIER = "com.jasnstu.LogStu-watchOS";
				PRODUCT_NAME = "$(TARGET_NAME:c99extidentifier)";
				SDKROOT = watchos;
				SKIP_INSTALL = YES;
				SWIFT_ACTIVE_COMPILATION_CONDITIONS = DEBUG;
				SWIFT_OPTIMIZATION_LEVEL = "-Onone";
				SWIFT_VERSION = 5.0;
				TARGETED_DEVICE_FAMILY = 4;
				VERSIONING_SYSTEM = "apple-generic";
				VERSION_INFO_PREFIX = "";
				WATCHOS_DEPLOYMENT_TARGET = 5.2;
			};
			name = Debug;
		};
		C5D8BCFC227F592B00BFEE80 /* Release */ = {
			isa = XCBuildConfiguration;
			baseConfigurationReference = C88C3DF1A387A08C6A604A57 /* Pods-LogStu watchOS.release.xcconfig */;
			buildSettings = {
				ALWAYS_SEARCH_USER_PATHS = NO;
				APPLICATION_EXTENSION_API_ONLY = YES;
				CLANG_ANALYZER_NONNULL = YES;
				CLANG_ANALYZER_NUMBER_OBJECT_CONVERSION = YES_AGGRESSIVE;
				CLANG_CXX_LANGUAGE_STANDARD = "gnu++14";
				CLANG_CXX_LIBRARY = "libc++";
				CLANG_ENABLE_MODULES = YES;
				CLANG_ENABLE_OBJC_ARC = YES;
				CLANG_ENABLE_OBJC_WEAK = YES;
				CLANG_WARN_BLOCK_CAPTURE_AUTORELEASING = YES;
				CLANG_WARN_BOOL_CONVERSION = YES;
				CLANG_WARN_COMMA = YES;
				CLANG_WARN_CONSTANT_CONVERSION = YES;
				CLANG_WARN_DEPRECATED_OBJC_IMPLEMENTATIONS = YES;
				CLANG_WARN_DIRECT_OBJC_ISA_USAGE = YES_ERROR;
				CLANG_WARN_DOCUMENTATION_COMMENTS = YES;
				CLANG_WARN_EMPTY_BODY = YES;
				CLANG_WARN_ENUM_CONVERSION = YES;
				CLANG_WARN_INFINITE_RECURSION = YES;
				CLANG_WARN_INT_CONVERSION = YES;
				CLANG_WARN_NON_LITERAL_NULL_CONVERSION = YES;
				CLANG_WARN_OBJC_IMPLICIT_RETAIN_SELF = YES;
				CLANG_WARN_OBJC_LITERAL_CONVERSION = YES;
				CLANG_WARN_OBJC_ROOT_CLASS = YES_ERROR;
				CLANG_WARN_RANGE_LOOP_ANALYSIS = YES;
				CLANG_WARN_STRICT_PROTOTYPES = YES;
				CLANG_WARN_SUSPICIOUS_MOVE = YES;
				CLANG_WARN_UNGUARDED_AVAILABILITY = YES_AGGRESSIVE;
				CLANG_WARN_UNREACHABLE_CODE = YES;
				CLANG_WARN__DUPLICATE_METHOD_MATCH = YES;
				CODE_SIGN_IDENTITY = "";
				CODE_SIGN_STYLE = Automatic;
				COPY_PHASE_STRIP = NO;
				CURRENT_PROJECT_VERSION = 1;
				DEBUG_INFORMATION_FORMAT = "dwarf-with-dsym";
				DEFINES_MODULE = YES;
				DEVELOPMENT_TEAM = 9MQ43TG5Q9;
				DYLIB_COMPATIBILITY_VERSION = 1;
				DYLIB_CURRENT_VERSION = 1;
				DYLIB_INSTALL_NAME_BASE = "@rpath";
				ENABLE_NS_ASSERTIONS = NO;
				ENABLE_STRICT_OBJC_MSGSEND = YES;
				GCC_C_LANGUAGE_STANDARD = gnu11;
				GCC_NO_COMMON_BLOCKS = YES;
				GCC_WARN_64_TO_32_BIT_CONVERSION = YES;
				GCC_WARN_ABOUT_RETURN_TYPE = YES_ERROR;
				GCC_WARN_UNDECLARED_SELECTOR = YES;
				GCC_WARN_UNINITIALIZED_AUTOS = YES_AGGRESSIVE;
				GCC_WARN_UNUSED_FUNCTION = YES;
				GCC_WARN_UNUSED_VARIABLE = YES;
				INFOPLIST_FILE = "LogStu watchOS/Info.plist";
				INSTALL_PATH = "$(LOCAL_LIBRARY_DIR)/Frameworks";
				LD_RUNPATH_SEARCH_PATHS = (
					"$(inherited)",
					"@executable_path/Frameworks",
					"@loader_path/Frameworks",
				);
				MTL_ENABLE_DEBUG_INFO = NO;
				MTL_FAST_MATH = YES;
				PRODUCT_BUNDLE_IDENTIFIER = "com.jasnstu.LogStu-watchOS";
				PRODUCT_NAME = "$(TARGET_NAME:c99extidentifier)";
				SDKROOT = watchos;
				SKIP_INSTALL = YES;
				SWIFT_COMPILATION_MODE = wholemodule;
				SWIFT_OPTIMIZATION_LEVEL = "-O";
				SWIFT_VERSION = 5.0;
				TARGETED_DEVICE_FAMILY = 4;
				VALIDATE_PRODUCT = YES;
				VERSIONING_SYSTEM = "apple-generic";
				VERSION_INFO_PREFIX = "";
				WATCHOS_DEPLOYMENT_TARGET = 5.2;
			};
			name = Release;
		};
		C5D8BD14227F594000BFEE80 /* Debug */ = {
			isa = XCBuildConfiguration;
			baseConfigurationReference = 986CBA10AB4F7AEAE1FE52BE /* Pods-LogStu tvOS.debug.xcconfig */;
			buildSettings = {
				ALWAYS_SEARCH_USER_PATHS = NO;
				CLANG_ANALYZER_NONNULL = YES;
				CLANG_ANALYZER_NUMBER_OBJECT_CONVERSION = YES_AGGRESSIVE;
				CLANG_CXX_LANGUAGE_STANDARD = "gnu++14";
				CLANG_CXX_LIBRARY = "libc++";
				CLANG_ENABLE_MODULES = YES;
				CLANG_ENABLE_OBJC_ARC = YES;
				CLANG_ENABLE_OBJC_WEAK = YES;
				CLANG_WARN_BLOCK_CAPTURE_AUTORELEASING = YES;
				CLANG_WARN_BOOL_CONVERSION = YES;
				CLANG_WARN_COMMA = YES;
				CLANG_WARN_CONSTANT_CONVERSION = YES;
				CLANG_WARN_DEPRECATED_OBJC_IMPLEMENTATIONS = YES;
				CLANG_WARN_DIRECT_OBJC_ISA_USAGE = YES_ERROR;
				CLANG_WARN_DOCUMENTATION_COMMENTS = YES;
				CLANG_WARN_EMPTY_BODY = YES;
				CLANG_WARN_ENUM_CONVERSION = YES;
				CLANG_WARN_INFINITE_RECURSION = YES;
				CLANG_WARN_INT_CONVERSION = YES;
				CLANG_WARN_NON_LITERAL_NULL_CONVERSION = YES;
				CLANG_WARN_OBJC_IMPLICIT_RETAIN_SELF = YES;
				CLANG_WARN_OBJC_LITERAL_CONVERSION = YES;
				CLANG_WARN_OBJC_ROOT_CLASS = YES_ERROR;
				CLANG_WARN_RANGE_LOOP_ANALYSIS = YES;
				CLANG_WARN_STRICT_PROTOTYPES = YES;
				CLANG_WARN_SUSPICIOUS_MOVE = YES;
				CLANG_WARN_UNGUARDED_AVAILABILITY = YES_AGGRESSIVE;
				CLANG_WARN_UNREACHABLE_CODE = YES;
				CLANG_WARN__DUPLICATE_METHOD_MATCH = YES;
				CODE_SIGN_IDENTITY = "";
				CODE_SIGN_STYLE = Automatic;
				COPY_PHASE_STRIP = NO;
				CURRENT_PROJECT_VERSION = 1;
				DEBUG_INFORMATION_FORMAT = dwarf;
				DEFINES_MODULE = YES;
				DEVELOPMENT_TEAM = 9MQ43TG5Q9;
				DYLIB_COMPATIBILITY_VERSION = 1;
				DYLIB_CURRENT_VERSION = 1;
				DYLIB_INSTALL_NAME_BASE = "@rpath";
				ENABLE_STRICT_OBJC_MSGSEND = YES;
				ENABLE_TESTABILITY = YES;
				GCC_C_LANGUAGE_STANDARD = gnu11;
				GCC_DYNAMIC_NO_PIC = NO;
				GCC_NO_COMMON_BLOCKS = YES;
				GCC_OPTIMIZATION_LEVEL = 0;
				GCC_PREPROCESSOR_DEFINITIONS = (
					"DEBUG=1",
					"$(inherited)",
				);
				GCC_WARN_64_TO_32_BIT_CONVERSION = YES;
				GCC_WARN_ABOUT_RETURN_TYPE = YES_ERROR;
				GCC_WARN_UNDECLARED_SELECTOR = YES;
				GCC_WARN_UNINITIALIZED_AUTOS = YES_AGGRESSIVE;
				GCC_WARN_UNUSED_FUNCTION = YES;
				GCC_WARN_UNUSED_VARIABLE = YES;
				INFOPLIST_FILE = "LogStu tvOS/Info.plist";
				INSTALL_PATH = "$(LOCAL_LIBRARY_DIR)/Frameworks";
				LD_RUNPATH_SEARCH_PATHS = (
					"$(inherited)",
					"@executable_path/Frameworks",
					"@loader_path/Frameworks",
				);
				MTL_ENABLE_DEBUG_INFO = INCLUDE_SOURCE;
				MTL_FAST_MATH = YES;
				ONLY_ACTIVE_ARCH = YES;
				PRODUCT_BUNDLE_IDENTIFIER = "com.jasnstu.LogStu-tvOS";
				PRODUCT_NAME = "$(TARGET_NAME:c99extidentifier)";
				SDKROOT = appletvos;
				SKIP_INSTALL = YES;
				SWIFT_ACTIVE_COMPILATION_CONDITIONS = DEBUG;
				SWIFT_OPTIMIZATION_LEVEL = "-Onone";
				SWIFT_VERSION = 5.0;
				TARGETED_DEVICE_FAMILY = 3;
				TVOS_DEPLOYMENT_TARGET = 12.2;
				VERSIONING_SYSTEM = "apple-generic";
				VERSION_INFO_PREFIX = "";
			};
			name = Debug;
		};
		C5D8BD15227F594000BFEE80 /* Release */ = {
			isa = XCBuildConfiguration;
			baseConfigurationReference = 8D8496238914DB996F1D27E1 /* Pods-LogStu tvOS.release.xcconfig */;
			buildSettings = {
				ALWAYS_SEARCH_USER_PATHS = NO;
				CLANG_ANALYZER_NONNULL = YES;
				CLANG_ANALYZER_NUMBER_OBJECT_CONVERSION = YES_AGGRESSIVE;
				CLANG_CXX_LANGUAGE_STANDARD = "gnu++14";
				CLANG_CXX_LIBRARY = "libc++";
				CLANG_ENABLE_MODULES = YES;
				CLANG_ENABLE_OBJC_ARC = YES;
				CLANG_ENABLE_OBJC_WEAK = YES;
				CLANG_WARN_BLOCK_CAPTURE_AUTORELEASING = YES;
				CLANG_WARN_BOOL_CONVERSION = YES;
				CLANG_WARN_COMMA = YES;
				CLANG_WARN_CONSTANT_CONVERSION = YES;
				CLANG_WARN_DEPRECATED_OBJC_IMPLEMENTATIONS = YES;
				CLANG_WARN_DIRECT_OBJC_ISA_USAGE = YES_ERROR;
				CLANG_WARN_DOCUMENTATION_COMMENTS = YES;
				CLANG_WARN_EMPTY_BODY = YES;
				CLANG_WARN_ENUM_CONVERSION = YES;
				CLANG_WARN_INFINITE_RECURSION = YES;
				CLANG_WARN_INT_CONVERSION = YES;
				CLANG_WARN_NON_LITERAL_NULL_CONVERSION = YES;
				CLANG_WARN_OBJC_IMPLICIT_RETAIN_SELF = YES;
				CLANG_WARN_OBJC_LITERAL_CONVERSION = YES;
				CLANG_WARN_OBJC_ROOT_CLASS = YES_ERROR;
				CLANG_WARN_RANGE_LOOP_ANALYSIS = YES;
				CLANG_WARN_STRICT_PROTOTYPES = YES;
				CLANG_WARN_SUSPICIOUS_MOVE = YES;
				CLANG_WARN_UNGUARDED_AVAILABILITY = YES_AGGRESSIVE;
				CLANG_WARN_UNREACHABLE_CODE = YES;
				CLANG_WARN__DUPLICATE_METHOD_MATCH = YES;
				CODE_SIGN_IDENTITY = "";
				CODE_SIGN_STYLE = Automatic;
				COPY_PHASE_STRIP = NO;
				CURRENT_PROJECT_VERSION = 1;
				DEBUG_INFORMATION_FORMAT = "dwarf-with-dsym";
				DEFINES_MODULE = YES;
				DEVELOPMENT_TEAM = 9MQ43TG5Q9;
				DYLIB_COMPATIBILITY_VERSION = 1;
				DYLIB_CURRENT_VERSION = 1;
				DYLIB_INSTALL_NAME_BASE = "@rpath";
				ENABLE_NS_ASSERTIONS = NO;
				ENABLE_STRICT_OBJC_MSGSEND = YES;
				GCC_C_LANGUAGE_STANDARD = gnu11;
				GCC_NO_COMMON_BLOCKS = YES;
				GCC_WARN_64_TO_32_BIT_CONVERSION = YES;
				GCC_WARN_ABOUT_RETURN_TYPE = YES_ERROR;
				GCC_WARN_UNDECLARED_SELECTOR = YES;
				GCC_WARN_UNINITIALIZED_AUTOS = YES_AGGRESSIVE;
				GCC_WARN_UNUSED_FUNCTION = YES;
				GCC_WARN_UNUSED_VARIABLE = YES;
				INFOPLIST_FILE = "LogStu tvOS/Info.plist";
				INSTALL_PATH = "$(LOCAL_LIBRARY_DIR)/Frameworks";
				LD_RUNPATH_SEARCH_PATHS = (
					"$(inherited)",
					"@executable_path/Frameworks",
					"@loader_path/Frameworks",
				);
				MTL_ENABLE_DEBUG_INFO = NO;
				MTL_FAST_MATH = YES;
				PRODUCT_BUNDLE_IDENTIFIER = "com.jasnstu.LogStu-tvOS";
				PRODUCT_NAME = "$(TARGET_NAME:c99extidentifier)";
				SDKROOT = appletvos;
				SKIP_INSTALL = YES;
				SWIFT_COMPILATION_MODE = wholemodule;
				SWIFT_OPTIMIZATION_LEVEL = "-O";
				SWIFT_VERSION = 5.0;
				TARGETED_DEVICE_FAMILY = 3;
				TVOS_DEPLOYMENT_TARGET = 12.2;
				VALIDATE_PRODUCT = YES;
				VERSIONING_SYSTEM = "apple-generic";
				VERSION_INFO_PREFIX = "";
			};
			name = Release;
		};
		C5D8BD17227F594000BFEE80 /* Debug */ = {
			isa = XCBuildConfiguration;
			baseConfigurationReference = 516E7E487026BC2471D18B24 /* Pods-LogStu tvOSTests.debug.xcconfig */;
			buildSettings = {
				ALWAYS_SEARCH_USER_PATHS = NO;
				CLANG_ANALYZER_NONNULL = YES;
				CLANG_ANALYZER_NUMBER_OBJECT_CONVERSION = YES_AGGRESSIVE;
				CLANG_CXX_LANGUAGE_STANDARD = "gnu++14";
				CLANG_CXX_LIBRARY = "libc++";
				CLANG_ENABLE_MODULES = YES;
				CLANG_ENABLE_OBJC_ARC = YES;
				CLANG_ENABLE_OBJC_WEAK = YES;
				CLANG_WARN_BLOCK_CAPTURE_AUTORELEASING = YES;
				CLANG_WARN_BOOL_CONVERSION = YES;
				CLANG_WARN_COMMA = YES;
				CLANG_WARN_CONSTANT_CONVERSION = YES;
				CLANG_WARN_DEPRECATED_OBJC_IMPLEMENTATIONS = YES;
				CLANG_WARN_DIRECT_OBJC_ISA_USAGE = YES_ERROR;
				CLANG_WARN_DOCUMENTATION_COMMENTS = YES;
				CLANG_WARN_EMPTY_BODY = YES;
				CLANG_WARN_ENUM_CONVERSION = YES;
				CLANG_WARN_INFINITE_RECURSION = YES;
				CLANG_WARN_INT_CONVERSION = YES;
				CLANG_WARN_NON_LITERAL_NULL_CONVERSION = YES;
				CLANG_WARN_OBJC_IMPLICIT_RETAIN_SELF = YES;
				CLANG_WARN_OBJC_LITERAL_CONVERSION = YES;
				CLANG_WARN_OBJC_ROOT_CLASS = YES_ERROR;
				CLANG_WARN_RANGE_LOOP_ANALYSIS = YES;
				CLANG_WARN_STRICT_PROTOTYPES = YES;
				CLANG_WARN_SUSPICIOUS_MOVE = YES;
				CLANG_WARN_UNGUARDED_AVAILABILITY = YES_AGGRESSIVE;
				CLANG_WARN_UNREACHABLE_CODE = YES;
				CLANG_WARN__DUPLICATE_METHOD_MATCH = YES;
				CODE_SIGN_STYLE = Automatic;
				COPY_PHASE_STRIP = NO;
				DEBUG_INFORMATION_FORMAT = dwarf;
				DEVELOPMENT_TEAM = 9MQ43TG5Q9;
				ENABLE_STRICT_OBJC_MSGSEND = YES;
				ENABLE_TESTABILITY = YES;
				GCC_C_LANGUAGE_STANDARD = gnu11;
				GCC_DYNAMIC_NO_PIC = NO;
				GCC_NO_COMMON_BLOCKS = YES;
				GCC_OPTIMIZATION_LEVEL = 0;
				GCC_PREPROCESSOR_DEFINITIONS = (
					"DEBUG=1",
					"$(inherited)",
				);
				GCC_WARN_64_TO_32_BIT_CONVERSION = YES;
				GCC_WARN_ABOUT_RETURN_TYPE = YES_ERROR;
				GCC_WARN_UNDECLARED_SELECTOR = YES;
				GCC_WARN_UNINITIALIZED_AUTOS = YES_AGGRESSIVE;
				GCC_WARN_UNUSED_FUNCTION = YES;
				GCC_WARN_UNUSED_VARIABLE = YES;
				INFOPLIST_FILE = "LogStu tvOSTests/Info.plist";
				LD_RUNPATH_SEARCH_PATHS = (
					"$(inherited)",
					"@executable_path/Frameworks",
					"@loader_path/Frameworks",
				);
				MTL_ENABLE_DEBUG_INFO = INCLUDE_SOURCE;
				MTL_FAST_MATH = YES;
				ONLY_ACTIVE_ARCH = YES;
				PRODUCT_BUNDLE_IDENTIFIER = "com.jasnstu.LogStu-tvOSTests";
				PRODUCT_NAME = "$(TARGET_NAME)";
				SDKROOT = appletvos;
				SWIFT_ACTIVE_COMPILATION_CONDITIONS = DEBUG;
				SWIFT_OPTIMIZATION_LEVEL = "-Onone";
				SWIFT_VERSION = 5.0;
				TARGETED_DEVICE_FAMILY = 3;
				TVOS_DEPLOYMENT_TARGET = 12.2;
			};
			name = Debug;
		};
		C5D8BD18227F594000BFEE80 /* Release */ = {
			isa = XCBuildConfiguration;
			baseConfigurationReference = 121F641A5E5205859F7BF56C /* Pods-LogStu tvOSTests.release.xcconfig */;
			buildSettings = {
				ALWAYS_SEARCH_USER_PATHS = NO;
				CLANG_ANALYZER_NONNULL = YES;
				CLANG_ANALYZER_NUMBER_OBJECT_CONVERSION = YES_AGGRESSIVE;
				CLANG_CXX_LANGUAGE_STANDARD = "gnu++14";
				CLANG_CXX_LIBRARY = "libc++";
				CLANG_ENABLE_MODULES = YES;
				CLANG_ENABLE_OBJC_ARC = YES;
				CLANG_ENABLE_OBJC_WEAK = YES;
				CLANG_WARN_BLOCK_CAPTURE_AUTORELEASING = YES;
				CLANG_WARN_BOOL_CONVERSION = YES;
				CLANG_WARN_COMMA = YES;
				CLANG_WARN_CONSTANT_CONVERSION = YES;
				CLANG_WARN_DEPRECATED_OBJC_IMPLEMENTATIONS = YES;
				CLANG_WARN_DIRECT_OBJC_ISA_USAGE = YES_ERROR;
				CLANG_WARN_DOCUMENTATION_COMMENTS = YES;
				CLANG_WARN_EMPTY_BODY = YES;
				CLANG_WARN_ENUM_CONVERSION = YES;
				CLANG_WARN_INFINITE_RECURSION = YES;
				CLANG_WARN_INT_CONVERSION = YES;
				CLANG_WARN_NON_LITERAL_NULL_CONVERSION = YES;
				CLANG_WARN_OBJC_IMPLICIT_RETAIN_SELF = YES;
				CLANG_WARN_OBJC_LITERAL_CONVERSION = YES;
				CLANG_WARN_OBJC_ROOT_CLASS = YES_ERROR;
				CLANG_WARN_RANGE_LOOP_ANALYSIS = YES;
				CLANG_WARN_STRICT_PROTOTYPES = YES;
				CLANG_WARN_SUSPICIOUS_MOVE = YES;
				CLANG_WARN_UNGUARDED_AVAILABILITY = YES_AGGRESSIVE;
				CLANG_WARN_UNREACHABLE_CODE = YES;
				CLANG_WARN__DUPLICATE_METHOD_MATCH = YES;
				CODE_SIGN_STYLE = Automatic;
				COPY_PHASE_STRIP = NO;
				DEBUG_INFORMATION_FORMAT = "dwarf-with-dsym";
				DEVELOPMENT_TEAM = 9MQ43TG5Q9;
				ENABLE_NS_ASSERTIONS = NO;
				ENABLE_STRICT_OBJC_MSGSEND = YES;
				GCC_C_LANGUAGE_STANDARD = gnu11;
				GCC_NO_COMMON_BLOCKS = YES;
				GCC_WARN_64_TO_32_BIT_CONVERSION = YES;
				GCC_WARN_ABOUT_RETURN_TYPE = YES_ERROR;
				GCC_WARN_UNDECLARED_SELECTOR = YES;
				GCC_WARN_UNINITIALIZED_AUTOS = YES_AGGRESSIVE;
				GCC_WARN_UNUSED_FUNCTION = YES;
				GCC_WARN_UNUSED_VARIABLE = YES;
				INFOPLIST_FILE = "LogStu tvOSTests/Info.plist";
				LD_RUNPATH_SEARCH_PATHS = (
					"$(inherited)",
					"@executable_path/Frameworks",
					"@loader_path/Frameworks",
				);
				MTL_ENABLE_DEBUG_INFO = NO;
				MTL_FAST_MATH = YES;
				PRODUCT_BUNDLE_IDENTIFIER = "com.jasnstu.LogStu-tvOSTests";
				PRODUCT_NAME = "$(TARGET_NAME)";
				SDKROOT = appletvos;
				SWIFT_COMPILATION_MODE = wholemodule;
				SWIFT_OPTIMIZATION_LEVEL = "-O";
				SWIFT_VERSION = 5.0;
				TARGETED_DEVICE_FAMILY = 3;
				TVOS_DEPLOYMENT_TARGET = 12.2;
				VALIDATE_PRODUCT = YES;
			};
			name = Release;
		};
		C5D8BD30227F596300BFEE80 /* Debug */ = {
			isa = XCBuildConfiguration;
			baseConfigurationReference = CF7C73C377EC9799816CE20F /* Pods-LogStu macOS.debug.xcconfig */;
			buildSettings = {
				ALWAYS_SEARCH_USER_PATHS = NO;
				CLANG_ANALYZER_NONNULL = YES;
				CLANG_ANALYZER_NUMBER_OBJECT_CONVERSION = YES_AGGRESSIVE;
				CLANG_CXX_LANGUAGE_STANDARD = "gnu++14";
				CLANG_CXX_LIBRARY = "libc++";
				CLANG_ENABLE_MODULES = YES;
				CLANG_ENABLE_OBJC_ARC = YES;
				CLANG_ENABLE_OBJC_WEAK = YES;
				CLANG_WARN_BLOCK_CAPTURE_AUTORELEASING = YES;
				CLANG_WARN_BOOL_CONVERSION = YES;
				CLANG_WARN_COMMA = YES;
				CLANG_WARN_CONSTANT_CONVERSION = YES;
				CLANG_WARN_DEPRECATED_OBJC_IMPLEMENTATIONS = YES;
				CLANG_WARN_DIRECT_OBJC_ISA_USAGE = YES_ERROR;
				CLANG_WARN_DOCUMENTATION_COMMENTS = YES;
				CLANG_WARN_EMPTY_BODY = YES;
				CLANG_WARN_ENUM_CONVERSION = YES;
				CLANG_WARN_INFINITE_RECURSION = YES;
				CLANG_WARN_INT_CONVERSION = YES;
				CLANG_WARN_NON_LITERAL_NULL_CONVERSION = YES;
				CLANG_WARN_OBJC_IMPLICIT_RETAIN_SELF = YES;
				CLANG_WARN_OBJC_LITERAL_CONVERSION = YES;
				CLANG_WARN_OBJC_ROOT_CLASS = YES_ERROR;
				CLANG_WARN_RANGE_LOOP_ANALYSIS = YES;
				CLANG_WARN_STRICT_PROTOTYPES = YES;
				CLANG_WARN_SUSPICIOUS_MOVE = YES;
				CLANG_WARN_UNGUARDED_AVAILABILITY = YES_AGGRESSIVE;
				CLANG_WARN_UNREACHABLE_CODE = YES;
				CLANG_WARN__DUPLICATE_METHOD_MATCH = YES;
				CODE_SIGN_IDENTITY = "Mac Developer";
				CODE_SIGN_STYLE = Automatic;
				COMBINE_HIDPI_IMAGES = YES;
				COPY_PHASE_STRIP = NO;
				CURRENT_PROJECT_VERSION = 1;
				DEBUG_INFORMATION_FORMAT = dwarf;
				DEFINES_MODULE = YES;
				DEVELOPMENT_TEAM = 9MQ43TG5Q9;
				DYLIB_COMPATIBILITY_VERSION = 1;
				DYLIB_CURRENT_VERSION = 1;
				DYLIB_INSTALL_NAME_BASE = "@rpath";
				ENABLE_STRICT_OBJC_MSGSEND = YES;
				ENABLE_TESTABILITY = YES;
				FRAMEWORK_VERSION = A;
				GCC_C_LANGUAGE_STANDARD = gnu11;
				GCC_DYNAMIC_NO_PIC = NO;
				GCC_NO_COMMON_BLOCKS = YES;
				GCC_OPTIMIZATION_LEVEL = 0;
				GCC_PREPROCESSOR_DEFINITIONS = (
					"DEBUG=1",
					"$(inherited)",
				);
				GCC_WARN_64_TO_32_BIT_CONVERSION = YES;
				GCC_WARN_ABOUT_RETURN_TYPE = YES_ERROR;
				GCC_WARN_UNDECLARED_SELECTOR = YES;
				GCC_WARN_UNINITIALIZED_AUTOS = YES_AGGRESSIVE;
				GCC_WARN_UNUSED_FUNCTION = YES;
				GCC_WARN_UNUSED_VARIABLE = YES;
				INFOPLIST_FILE = "LogStu macOS/Info.plist";
				INSTALL_PATH = "$(LOCAL_LIBRARY_DIR)/Frameworks";
				LD_RUNPATH_SEARCH_PATHS = (
					"$(inherited)",
					"@executable_path/../Frameworks",
					"@loader_path/Frameworks",
				);
				MACOSX_DEPLOYMENT_TARGET = 10.14;
				MTL_ENABLE_DEBUG_INFO = INCLUDE_SOURCE;
				MTL_FAST_MATH = YES;
				ONLY_ACTIVE_ARCH = YES;
				PRODUCT_BUNDLE_IDENTIFIER = "com.jasnstu.LogStu-macOS";
				PRODUCT_NAME = "$(TARGET_NAME:c99extidentifier)";
				SDKROOT = macosx;
				SKIP_INSTALL = YES;
				SWIFT_ACTIVE_COMPILATION_CONDITIONS = DEBUG;
				SWIFT_OPTIMIZATION_LEVEL = "-Onone";
				SWIFT_VERSION = 5.0;
				VERSIONING_SYSTEM = "apple-generic";
				VERSION_INFO_PREFIX = "";
			};
			name = Debug;
		};
		C5D8BD31227F596300BFEE80 /* Release */ = {
			isa = XCBuildConfiguration;
			baseConfigurationReference = C9533960968D72C1FF9B959E /* Pods-LogStu macOS.release.xcconfig */;
			buildSettings = {
				ALWAYS_SEARCH_USER_PATHS = NO;
				CLANG_ANALYZER_NONNULL = YES;
				CLANG_ANALYZER_NUMBER_OBJECT_CONVERSION = YES_AGGRESSIVE;
				CLANG_CXX_LANGUAGE_STANDARD = "gnu++14";
				CLANG_CXX_LIBRARY = "libc++";
				CLANG_ENABLE_MODULES = YES;
				CLANG_ENABLE_OBJC_ARC = YES;
				CLANG_ENABLE_OBJC_WEAK = YES;
				CLANG_WARN_BLOCK_CAPTURE_AUTORELEASING = YES;
				CLANG_WARN_BOOL_CONVERSION = YES;
				CLANG_WARN_COMMA = YES;
				CLANG_WARN_CONSTANT_CONVERSION = YES;
				CLANG_WARN_DEPRECATED_OBJC_IMPLEMENTATIONS = YES;
				CLANG_WARN_DIRECT_OBJC_ISA_USAGE = YES_ERROR;
				CLANG_WARN_DOCUMENTATION_COMMENTS = YES;
				CLANG_WARN_EMPTY_BODY = YES;
				CLANG_WARN_ENUM_CONVERSION = YES;
				CLANG_WARN_INFINITE_RECURSION = YES;
				CLANG_WARN_INT_CONVERSION = YES;
				CLANG_WARN_NON_LITERAL_NULL_CONVERSION = YES;
				CLANG_WARN_OBJC_IMPLICIT_RETAIN_SELF = YES;
				CLANG_WARN_OBJC_LITERAL_CONVERSION = YES;
				CLANG_WARN_OBJC_ROOT_CLASS = YES_ERROR;
				CLANG_WARN_RANGE_LOOP_ANALYSIS = YES;
				CLANG_WARN_STRICT_PROTOTYPES = YES;
				CLANG_WARN_SUSPICIOUS_MOVE = YES;
				CLANG_WARN_UNGUARDED_AVAILABILITY = YES_AGGRESSIVE;
				CLANG_WARN_UNREACHABLE_CODE = YES;
				CLANG_WARN__DUPLICATE_METHOD_MATCH = YES;
				CODE_SIGN_IDENTITY = "Mac Developer";
				CODE_SIGN_STYLE = Automatic;
				COMBINE_HIDPI_IMAGES = YES;
				COPY_PHASE_STRIP = NO;
				CURRENT_PROJECT_VERSION = 1;
				DEBUG_INFORMATION_FORMAT = "dwarf-with-dsym";
				DEFINES_MODULE = YES;
				DEVELOPMENT_TEAM = 9MQ43TG5Q9;
				DYLIB_COMPATIBILITY_VERSION = 1;
				DYLIB_CURRENT_VERSION = 1;
				DYLIB_INSTALL_NAME_BASE = "@rpath";
				ENABLE_NS_ASSERTIONS = NO;
				ENABLE_STRICT_OBJC_MSGSEND = YES;
				FRAMEWORK_VERSION = A;
				GCC_C_LANGUAGE_STANDARD = gnu11;
				GCC_NO_COMMON_BLOCKS = YES;
				GCC_WARN_64_TO_32_BIT_CONVERSION = YES;
				GCC_WARN_ABOUT_RETURN_TYPE = YES_ERROR;
				GCC_WARN_UNDECLARED_SELECTOR = YES;
				GCC_WARN_UNINITIALIZED_AUTOS = YES_AGGRESSIVE;
				GCC_WARN_UNUSED_FUNCTION = YES;
				GCC_WARN_UNUSED_VARIABLE = YES;
				INFOPLIST_FILE = "LogStu macOS/Info.plist";
				INSTALL_PATH = "$(LOCAL_LIBRARY_DIR)/Frameworks";
				LD_RUNPATH_SEARCH_PATHS = (
					"$(inherited)",
					"@executable_path/../Frameworks",
					"@loader_path/Frameworks",
				);
				MACOSX_DEPLOYMENT_TARGET = 10.14;
				MTL_ENABLE_DEBUG_INFO = NO;
				MTL_FAST_MATH = YES;
				PRODUCT_BUNDLE_IDENTIFIER = "com.jasnstu.LogStu-macOS";
				PRODUCT_NAME = "$(TARGET_NAME:c99extidentifier)";
				SDKROOT = macosx;
				SKIP_INSTALL = YES;
				SWIFT_COMPILATION_MODE = wholemodule;
				SWIFT_OPTIMIZATION_LEVEL = "-O";
				SWIFT_VERSION = 5.0;
				VERSIONING_SYSTEM = "apple-generic";
				VERSION_INFO_PREFIX = "";
			};
			name = Release;
		};
		C5D8BD33227F596300BFEE80 /* Debug */ = {
			isa = XCBuildConfiguration;
			baseConfigurationReference = 83B8D401F36CF4278D118B8D /* Pods-LogStu macOSTests.debug.xcconfig */;
			buildSettings = {
				ALWAYS_SEARCH_USER_PATHS = NO;
				CLANG_ANALYZER_NONNULL = YES;
				CLANG_ANALYZER_NUMBER_OBJECT_CONVERSION = YES_AGGRESSIVE;
				CLANG_CXX_LANGUAGE_STANDARD = "gnu++14";
				CLANG_CXX_LIBRARY = "libc++";
				CLANG_ENABLE_MODULES = YES;
				CLANG_ENABLE_OBJC_ARC = YES;
				CLANG_ENABLE_OBJC_WEAK = YES;
				CLANG_WARN_BLOCK_CAPTURE_AUTORELEASING = YES;
				CLANG_WARN_BOOL_CONVERSION = YES;
				CLANG_WARN_COMMA = YES;
				CLANG_WARN_CONSTANT_CONVERSION = YES;
				CLANG_WARN_DEPRECATED_OBJC_IMPLEMENTATIONS = YES;
				CLANG_WARN_DIRECT_OBJC_ISA_USAGE = YES_ERROR;
				CLANG_WARN_DOCUMENTATION_COMMENTS = YES;
				CLANG_WARN_EMPTY_BODY = YES;
				CLANG_WARN_ENUM_CONVERSION = YES;
				CLANG_WARN_INFINITE_RECURSION = YES;
				CLANG_WARN_INT_CONVERSION = YES;
				CLANG_WARN_NON_LITERAL_NULL_CONVERSION = YES;
				CLANG_WARN_OBJC_IMPLICIT_RETAIN_SELF = YES;
				CLANG_WARN_OBJC_LITERAL_CONVERSION = YES;
				CLANG_WARN_OBJC_ROOT_CLASS = YES_ERROR;
				CLANG_WARN_RANGE_LOOP_ANALYSIS = YES;
				CLANG_WARN_STRICT_PROTOTYPES = YES;
				CLANG_WARN_SUSPICIOUS_MOVE = YES;
				CLANG_WARN_UNGUARDED_AVAILABILITY = YES_AGGRESSIVE;
				CLANG_WARN_UNREACHABLE_CODE = YES;
				CLANG_WARN__DUPLICATE_METHOD_MATCH = YES;
				CODE_SIGN_IDENTITY = "Mac Developer";
				CODE_SIGN_STYLE = Automatic;
				COMBINE_HIDPI_IMAGES = YES;
				COPY_PHASE_STRIP = NO;
				DEBUG_INFORMATION_FORMAT = dwarf;
				DEVELOPMENT_TEAM = 9MQ43TG5Q9;
				ENABLE_STRICT_OBJC_MSGSEND = YES;
				ENABLE_TESTABILITY = YES;
				GCC_C_LANGUAGE_STANDARD = gnu11;
				GCC_DYNAMIC_NO_PIC = NO;
				GCC_NO_COMMON_BLOCKS = YES;
				GCC_OPTIMIZATION_LEVEL = 0;
				GCC_PREPROCESSOR_DEFINITIONS = (
					"DEBUG=1",
					"$(inherited)",
				);
				GCC_WARN_64_TO_32_BIT_CONVERSION = YES;
				GCC_WARN_ABOUT_RETURN_TYPE = YES_ERROR;
				GCC_WARN_UNDECLARED_SELECTOR = YES;
				GCC_WARN_UNINITIALIZED_AUTOS = YES_AGGRESSIVE;
				GCC_WARN_UNUSED_FUNCTION = YES;
				GCC_WARN_UNUSED_VARIABLE = YES;
				INFOPLIST_FILE = "LogStu macOSTests/Info.plist";
				LD_RUNPATH_SEARCH_PATHS = (
					"$(inherited)",
					"@executable_path/../Frameworks",
					"@loader_path/../Frameworks",
				);
				MACOSX_DEPLOYMENT_TARGET = 10.14;
				MTL_ENABLE_DEBUG_INFO = INCLUDE_SOURCE;
				MTL_FAST_MATH = YES;
				ONLY_ACTIVE_ARCH = YES;
				PRODUCT_BUNDLE_IDENTIFIER = "com.jasnstu.LogStu-macOSTests";
				PRODUCT_NAME = "$(TARGET_NAME)";
				SDKROOT = macosx;
				SWIFT_ACTIVE_COMPILATION_CONDITIONS = DEBUG;
				SWIFT_OPTIMIZATION_LEVEL = "-Onone";
				SWIFT_VERSION = 5.0;
			};
			name = Debug;
		};
		C5D8BD34227F596300BFEE80 /* Release */ = {
			isa = XCBuildConfiguration;
			baseConfigurationReference = 731BDD4095F814D67D2BA4F2 /* Pods-LogStu macOSTests.release.xcconfig */;
			buildSettings = {
				ALWAYS_SEARCH_USER_PATHS = NO;
				CLANG_ANALYZER_NONNULL = YES;
				CLANG_ANALYZER_NUMBER_OBJECT_CONVERSION = YES_AGGRESSIVE;
				CLANG_CXX_LANGUAGE_STANDARD = "gnu++14";
				CLANG_CXX_LIBRARY = "libc++";
				CLANG_ENABLE_MODULES = YES;
				CLANG_ENABLE_OBJC_ARC = YES;
				CLANG_ENABLE_OBJC_WEAK = YES;
				CLANG_WARN_BLOCK_CAPTURE_AUTORELEASING = YES;
				CLANG_WARN_BOOL_CONVERSION = YES;
				CLANG_WARN_COMMA = YES;
				CLANG_WARN_CONSTANT_CONVERSION = YES;
				CLANG_WARN_DEPRECATED_OBJC_IMPLEMENTATIONS = YES;
				CLANG_WARN_DIRECT_OBJC_ISA_USAGE = YES_ERROR;
				CLANG_WARN_DOCUMENTATION_COMMENTS = YES;
				CLANG_WARN_EMPTY_BODY = YES;
				CLANG_WARN_ENUM_CONVERSION = YES;
				CLANG_WARN_INFINITE_RECURSION = YES;
				CLANG_WARN_INT_CONVERSION = YES;
				CLANG_WARN_NON_LITERAL_NULL_CONVERSION = YES;
				CLANG_WARN_OBJC_IMPLICIT_RETAIN_SELF = YES;
				CLANG_WARN_OBJC_LITERAL_CONVERSION = YES;
				CLANG_WARN_OBJC_ROOT_CLASS = YES_ERROR;
				CLANG_WARN_RANGE_LOOP_ANALYSIS = YES;
				CLANG_WARN_STRICT_PROTOTYPES = YES;
				CLANG_WARN_SUSPICIOUS_MOVE = YES;
				CLANG_WARN_UNGUARDED_AVAILABILITY = YES_AGGRESSIVE;
				CLANG_WARN_UNREACHABLE_CODE = YES;
				CLANG_WARN__DUPLICATE_METHOD_MATCH = YES;
				CODE_SIGN_IDENTITY = "Mac Developer";
				CODE_SIGN_STYLE = Automatic;
				COMBINE_HIDPI_IMAGES = YES;
				COPY_PHASE_STRIP = NO;
				DEBUG_INFORMATION_FORMAT = "dwarf-with-dsym";
				DEVELOPMENT_TEAM = 9MQ43TG5Q9;
				ENABLE_NS_ASSERTIONS = NO;
				ENABLE_STRICT_OBJC_MSGSEND = YES;
				GCC_C_LANGUAGE_STANDARD = gnu11;
				GCC_NO_COMMON_BLOCKS = YES;
				GCC_WARN_64_TO_32_BIT_CONVERSION = YES;
				GCC_WARN_ABOUT_RETURN_TYPE = YES_ERROR;
				GCC_WARN_UNDECLARED_SELECTOR = YES;
				GCC_WARN_UNINITIALIZED_AUTOS = YES_AGGRESSIVE;
				GCC_WARN_UNUSED_FUNCTION = YES;
				GCC_WARN_UNUSED_VARIABLE = YES;
				INFOPLIST_FILE = "LogStu macOSTests/Info.plist";
				LD_RUNPATH_SEARCH_PATHS = (
					"$(inherited)",
					"@executable_path/../Frameworks",
					"@loader_path/../Frameworks",
				);
				MACOSX_DEPLOYMENT_TARGET = 10.14;
				MTL_ENABLE_DEBUG_INFO = NO;
				MTL_FAST_MATH = YES;
				PRODUCT_BUNDLE_IDENTIFIER = "com.jasnstu.LogStu-macOSTests";
				PRODUCT_NAME = "$(TARGET_NAME)";
				SDKROOT = macosx;
				SWIFT_COMPILATION_MODE = wholemodule;
				SWIFT_OPTIMIZATION_LEVEL = "-O";
				SWIFT_VERSION = 5.0;
			};
			name = Release;
		};
/* End XCBuildConfiguration section */

/* Begin XCConfigurationList section */
		C5D8BCA7227F579800BFEE80 /* Build configuration list for PBXProject "LogStu" */ = {
			isa = XCConfigurationList;
			buildConfigurations = (
				C5D8BCA8227F579800BFEE80 /* Debug */,
				C5D8BCA9227F579800BFEE80 /* Release */,
			);
			defaultConfigurationIsVisible = 0;
			defaultConfigurationName = Release;
		};
		C5D8BCDD227F58E600BFEE80 /* Build configuration list for PBXNativeTarget "LogStu iOS" */ = {
			isa = XCConfigurationList;
			buildConfigurations = (
				C5D8BCDE227F58E600BFEE80 /* Debug */,
				C5D8BCDF227F58E600BFEE80 /* Release */,
			);
			defaultConfigurationIsVisible = 0;
			defaultConfigurationName = Release;
		};
		C5D8BCE0227F58E600BFEE80 /* Build configuration list for PBXNativeTarget "LogStu iOSTests" */ = {
			isa = XCConfigurationList;
			buildConfigurations = (
				C5D8BCE1227F58E600BFEE80 /* Debug */,
				C5D8BCE2227F58E600BFEE80 /* Release */,
			);
			defaultConfigurationIsVisible = 0;
			defaultConfigurationName = Release;
		};
		C5D8BCFA227F592B00BFEE80 /* Build configuration list for PBXNativeTarget "LogStu watchOS" */ = {
			isa = XCConfigurationList;
			buildConfigurations = (
				C5D8BCFB227F592B00BFEE80 /* Debug */,
				C5D8BCFC227F592B00BFEE80 /* Release */,
			);
			defaultConfigurationIsVisible = 0;
			defaultConfigurationName = Release;
		};
		C5D8BD13227F594000BFEE80 /* Build configuration list for PBXNativeTarget "LogStu tvOS" */ = {
			isa = XCConfigurationList;
			buildConfigurations = (
				C5D8BD14227F594000BFEE80 /* Debug */,
				C5D8BD15227F594000BFEE80 /* Release */,
			);
			defaultConfigurationIsVisible = 0;
			defaultConfigurationName = Release;
		};
		C5D8BD16227F594000BFEE80 /* Build configuration list for PBXNativeTarget "LogStu tvOSTests" */ = {
			isa = XCConfigurationList;
			buildConfigurations = (
				C5D8BD17227F594000BFEE80 /* Debug */,
				C5D8BD18227F594000BFEE80 /* Release */,
			);
			defaultConfigurationIsVisible = 0;
			defaultConfigurationName = Release;
		};
		C5D8BD2F227F596300BFEE80 /* Build configuration list for PBXNativeTarget "LogStu macOS" */ = {
			isa = XCConfigurationList;
			buildConfigurations = (
				C5D8BD30227F596300BFEE80 /* Debug */,
				C5D8BD31227F596300BFEE80 /* Release */,
			);
			defaultConfigurationIsVisible = 0;
			defaultConfigurationName = Release;
		};
		C5D8BD32227F596300BFEE80 /* Build configuration list for PBXNativeTarget "LogStu macOSTests" */ = {
			isa = XCConfigurationList;
			buildConfigurations = (
				C5D8BD33227F596300BFEE80 /* Debug */,
				C5D8BD34227F596300BFEE80 /* Release */,
			);
			defaultConfigurationIsVisible = 0;
			defaultConfigurationName = Release;
		};
/* End XCConfigurationList section */
	};
	rootObject = C5D8BCA4227F579800BFEE80 /* Project object */;
}
