// !$*UTF8*$!
{
	archiveVersion = 1;
	classes = {
	};
	objectVersion = 50;
	objects = {

/* Begin PBXGroup section */
		C5D8BCA3227F579800BFEE80 = {
			isa = PBXGroup;
			children = (
			);
			sourceTree = "<group>";
		};
/* End PBXGroup section */

/* Begin PBXProject section */
		C5D8BCA4227F579800BFEE80 /* Project object */ = {
			isa = PBXProject;
			attributes = {
				LastUpgradeCheck = 1020;
			};
			buildConfigurationList = C5D8BCA7227F579800BFEE80 /* Build configuration list for PBXProject "LogStu" */;
			compatibilityVersion = "Xcode 9.3";
			developmentRegion = en;
			hasScannedForEncodings = 0;
			knownRegions = (
				en,
			);
			mainGroup = C5D8BCA3227F579800BFEE80;
			projectDirPath = "";
			projectRoot = "";
			targets = (
			);
		};
/* End PBXProject section */

/* Begin XCBuildConfiguration section */
		C5D8BCA8227F579800BFEE80 /* Debug */ = {
			isa = XCBuildConfiguration;
			buildSettings = {
			};
			name = Debug;
		};
		C5D8BCA9227F579800BFEE80 /* Release */ = {
			isa = XCBuildConfiguration;
			buildSettings = {
			};
			name = Release;
		};
/* End XCBuildConfiguration section */

/* Begin XCConfigurationList section */
		C5D8BCA7227F579800BFEE80 /* Build configuration list for PBXProject "LogStu" */ = {
			isa = XCConfigurationList;
			buildConfigurations = (
				C5D8BCA8227F579800BFEE80 /* Debug */,
				C5D8BCA9227F579800BFEE80 /* Release */,
			);
			defaultConfigurationIsVisible = 0;
			defaultConfigurationName = Release;
		};
/* End XCConfigurationList section */
	};
	rootObject = C5D8BCA4227F579800BFEE80 /* Project object */;
}
